# SPDX-FileCopyrightText: Contributors to PyPSA-Eur <https://github.com/pypsa/pypsa-eur>
# SPDX-License-Identifier: CC0-1.0

# Generated by conda-lock.
# platform: linux-64
# input_hash: ced4943098a81eb1020ac5a833a1059d687e15573fe0431a3d7400d9fe711c44

name: pypsa-eur
channels:
  - conda-forge
  - bioconda
dependencies:
  - _libgcc_mutex=0.1=conda_forge
  - _openmp_mutex=4.5=2_gnu
  - _python_abi3_support=1.0=hd8ed1ab_2
  - adwaita-icon-theme=48.0=unix_0
  - affine=2.4.0=pyhd8ed1ab_1
  - alsa-lib=1.2.14=hb9d3cd8_0
  - ampl-asl=1.0.0=h5888daf_2
  - amply=0.1.6=pyhd8ed1ab_1
  - anyio=4.9.0=pyh29332c3_0
  - appdirs=1.4.4=pyhd8ed1ab_1
  - argon2-cffi=23.1.0=pyhd8ed1ab_1
  - argon2-cffi-bindings=21.2.0=py312h66e93f0_5
  - argparse-dataclass=2.0.0=pyhd8ed1ab_0
  - arrow=1.3.0=pyhd8ed1ab_1
  - astroid=3.3.10=py312h7900ff3_0
  - asttokens=3.0.0=pyhd8ed1ab_1
  - async-lru=2.0.5=pyh29332c3_0
  - at-spi2-atk=2.38.0=h0630a04_3
  - at-spi2-core=2.40.3=h0630a04_0
  - atk-1.0=2.38.0=h04ea711_2
  - atlite=0.4.1=pyhd8ed1ab_0
  - attr=2.5.1=h166bdaf_1
  - attrs=25.3.0=pyh71513ae_0
  - aws-c-auth=0.9.0=h59ae206_7
  - aws-c-cal=0.9.0=h5e3027f_1
  - aws-c-common=0.12.3=hb9d3cd8_0
  - aws-c-compression=0.3.1=hafb2847_5
  - aws-c-event-stream=0.5.4=h2dcaabb_9
  - aws-c-http=0.10.1=hb50fa74_1
  - aws-c-io=0.19.0=h7962f60_2
  - aws-c-mqtt=0.13.0=h35de22e_3
  - aws-c-s3=0.7.17=h50d7d24_2
  - aws-c-sdkutils=0.2.3=hafb2847_5
  - aws-checksums=0.2.7=hafb2847_1
  - aws-crt-cpp=0.32.5=h2811929_3
  - aws-sdk-cpp=1.11.510=hffe9a0f_8
  - azure-core-cpp=1.14.0=h5cfcd09_0
  - azure-identity-cpp=1.10.0=h113e628_0
  - azure-storage-blobs-cpp=12.13.0=h3cf044e_1
  - azure-storage-common-cpp=12.8.0=h736e048_1
  - azure-storage-files-datalake-cpp=12.12.0=ha633028_1
  - babel=2.17.0=pyhd8ed1ab_0
  - beautifulsoup4=4.13.4=pyha770c72_0
  - bleach=6.2.0=pyh29332c3_4
  - bleach-with-css=6.2.0=h82add2a_4
  - blinker=1.9.0=pyhff2d567_0
  - blosc=1.21.6=he440d0b_1
  - bokeh=3.7.3=pyhd8ed1ab_0
  - bottleneck=1.5.0=py312hc0a28a1_0
  - branca=0.8.1=pyhd8ed1ab_0
  - brotli=1.1.0=hb9d3cd8_2
  - brotli-bin=1.1.0=hb9d3cd8_2
  - brotli-python=1.1.0=py312h2ec8cdc_2
  - bzip2=1.0.8=h4bc722e_7
  - c-ares=1.34.5=hb9d3cd8_0
  - c-blosc2=2.17.1=h3122c55_0
  - ca-certificates=2025.4.26=hbd8a1cb_0
  - cached-property=1.5.2=hd8ed1ab_1
  - cached_property=1.5.2=pyha770c72_1
  - cairo=1.18.4=h3394656_0
  - cartopy=0.24.0=py312hf9745cd_0
  - cdsapi=0.7.6=pyhd8ed1ab_0
  - certifi=2025.4.26=pyhd8ed1ab_0
  - cffi=1.17.1=py312h06ac9bb_0
  - cfgv=3.3.1=pyhd8ed1ab_1
  - cftime=1.6.4=py312hc0a28a1_1
  - charset-normalizer=3.4.2=pyhd8ed1ab_0
  - click=8.2.0=pyh707e725_0
  - click-plugins=1.1.1=pyhd8ed1ab_1
  - cligj=0.7.2=pyhd8ed1ab_2
  - cloudpickle=3.1.1=pyhd8ed1ab_0
  - coin-or-cbc=2.10.12=h00e76a6_2
  - coin-or-cgl=0.60.9=h82e2f02_4
  - coin-or-clp=1.17.10=h8a7a1e7_1
  - coin-or-osi=0.108.11=h96cc833_4
  - coin-or-utils=2.11.12=h3a12e53_2
  - coincbc=2.10.12=2_metapackage
  - colorama=0.4.6=pyhd8ed1ab_1
  - comm=0.2.2=pyhd8ed1ab_1
  - conda-inject=1.3.2=pyhd8ed1ab_0
  - configargparse=1.7=pyhd8ed1ab_1
  - connection_pool=0.0.3=pyhd3deb0d_0
  - contourpy=1.3.2=py312h68727a3_0
  - country_converter=1.2=pyhd8ed1ab_0
  - cppad=20250000.2=h5888daf_0
  - cpython=3.12.10=py312hd8ed1ab_0
  - cryptography=44.0.3=py312hda17c39_0
  - cycler=0.12.1=pyhd8ed1ab_1
  - cyrus-sasl=2.1.27=h54b06d7_7
  - cytoolz=1.0.1=py312h66e93f0_0
  - dask=2025.5.0=pyhd8ed1ab_0
  - dask-core=2025.5.0=pyhd8ed1ab_0
  - dbus=1.13.6=h5008d03_3
  - debugpy=1.8.14=py312h2ec8cdc_0
  - decorator=5.2.1=pyhd8ed1ab_0
  - defusedxml=0.7.1=pyhd8ed1ab_0
  - deprecation=2.1.0=pyh9f0ad1d_0
  - descartes=1.1.0=pyhd8ed1ab_5
  - dill=0.4.0=pyhd8ed1ab_0
  - distlib=0.3.9=pyhd8ed1ab_1
  - distributed=2025.5.0=pyhd8ed1ab_0
  - docutils=0.21.2=pyhd8ed1ab_1
  - dpath=2.2.0=pyha770c72_0
  - ecmwf-datastores-client=0.1.0=pyhd8ed1ab_0
  - entsoe-py=0.6.18=pyhd8ed1ab_0
  - epoxy=1.5.10=h166bdaf_1
  - et_xmlfile=2.0.0=pyhd8ed1ab_1
  - exceptiongroup=1.3.0=pyhd8ed1ab_0
  - executing=2.2.0=pyhd8ed1ab_0
  - expat=2.7.0=h5888daf_0
  - filelock=3.18.0=pyhd8ed1ab_0
  - fiona=1.10.1=py312h02b19dd_3
  - folium=0.19.5=pyhd8ed1ab_0
  - font-ttf-dejavu-sans-mono=2.37=hab24e00_0
  - font-ttf-inconsolata=3.000=h77eed37_0
  - font-ttf-source-code-pro=2.038=h77eed37_0
  - font-ttf-ubuntu=0.83=h77eed37_3
  - fontconfig=2.15.0=h7e30c49_1
  - fonts-conda-ecosystem=1=0
  - fonts-conda-forge=1=0
  - fonttools=4.58.0=py312h178313f_0
  - fqdn=1.5.1=pyhd8ed1ab_1
  - freetype=2.13.3=ha770c72_1
  - freexl=2.0.0=h9dce30a_2
  - fribidi=1.0.10=h36c2ea0_0
  - fsspec=2025.3.2=pyhd8ed1ab_0
  - gdk-pixbuf=2.42.12=hb9ae30d_0
  - geographiclib=2.0=pyhd8ed1ab_1
  - geojson=3.2.0=pyhd8ed1ab_0
  - geopandas=1.0.1=pyhd8ed1ab_3
  - geopandas-base=1.0.1=pyha770c72_3
  - geopy=2.4.1=pyhd8ed1ab_2
  - geos=3.13.1=h97f6797_0
  - geotiff=1.7.4=h239500f_2
  - gettext=0.24.1=h5888daf_0
  - gettext-tools=0.24.1=h5888daf_0
  - gflags=2.2.2=h5888daf_1005
  - giflib=5.2.2=hd590300_0
  - gitdb=4.0.12=pyhd8ed1ab_0
  - gitpython=3.1.44=pyhff2d567_0
  - glib=2.84.1=h6287aef_1
  - glib-tools=2.84.1=h4833e2c_1
  - glog=0.7.1=hbabe93e_0
  - glpk=5.0=h445213a_0
  - gmp=6.3.0=hac33072_2
  - graphite2=1.3.13=h59595ed_1003
  - graphviz=12.2.1=h5ae0cbf_1
  - gst-plugins-base=1.24.11=h651a532_0
  - gstreamer=1.24.11=hc37bda9_0
  - gtk3=3.24.43=h0c6a113_5
  - gts=0.7.6=h977cf35_4
  - h11=0.16.0=pyhd8ed1ab_0
  - h2=4.2.0=pyhd8ed1ab_0
  - harfbuzz=11.2.1=h3beb420_0
  - hdf4=4.2.15=h2a13503_7
  - hdf5=1.14.6=nompi_h2d575fe_101
  - hicolor-icon-theme=0.17=ha770c72_2
  - highspy=1.10.0=np20py312ha7205f5_1
  - hpack=4.1.0=pyhd8ed1ab_0
  - httpcore=1.0.9=pyh29332c3_0
  - httpx=0.28.1=pyhd8ed1ab_0
  - humanfriendly=10.0=pyh707e725_8
  - hyperframe=6.1.0=pyhd8ed1ab_0
  - icu=75.1=he02047a_0
  - identify=2.6.10=pyhd8ed1ab_0
  - idna=3.10=pyhd8ed1ab_1
  - immutables=0.21=py312h66e93f0_0
  - importlib-metadata=8.6.1=pyha770c72_0
  - importlib_resources=6.5.2=pyhd8ed1ab_0
  - iniconfig=2.0.0=pyhd8ed1ab_1
  - ipopt=3.14.17=h7fd866c_2
  - ipykernel=6.29.5=pyh3099207_0
  - ipython=9.2.0=pyhfb0248b_0
  - ipython_pygments_lexers=1.1.1=pyhd8ed1ab_0
  - ipywidgets=8.1.7=pyhd8ed1ab_0
  - isoduration=20.11.0=pyhd8ed1ab_1
  - isort=6.0.1=pyhd8ed1ab_1
  - jedi=0.19.2=pyhd8ed1ab_1
  - jinja2=3.1.6=pyhd8ed1ab_0
  - joblib=1.5.0=pyhd8ed1ab_0
  - jpype1=1.5.2=py312h68727a3_0
  - json-c=0.18=h6688a6e_0
  - json5=0.12.0=pyhd8ed1ab_0
  - jsonpointer=3.0.0=py312h7900ff3_1
  - jsonschema=4.23.0=pyhd8ed1ab_1
  - jsonschema-specifications=2025.4.1=pyh29332c3_0
  - jsonschema-with-format-nongpl=4.23.0=hd8ed1ab_1
  - jupyter=1.1.1=pyhd8ed1ab_1
  - jupyter-lsp=2.2.5=pyhd8ed1ab_1
  - jupyter_client=8.6.3=pyhd8ed1ab_1
  - jupyter_console=6.6.3=pyhd8ed1ab_1
  - jupyter_core=5.7.2=pyh31011fe_1
  - jupyter_events=0.12.0=pyh29332c3_0
  - jupyter_server=2.16.0=pyhe01879c_0
  - jupyter_server_terminals=0.5.3=pyhd8ed1ab_1
  - jupyterlab=4.4.2=pyhd8ed1ab_0
  - jupyterlab_pygments=0.3.0=pyhd8ed1ab_2
  - jupyterlab_server=2.27.3=pyhd8ed1ab_1
  - jupyterlab_widgets=3.0.15=pyhd8ed1ab_0
  - keyutils=1.6.1=h166bdaf_0
  - kiwisolver=1.4.8=py312h84d6215_0
  - krb5=1.21.3=h659f571_0
  - lame=3.100=h166bdaf_1003
  - lcms2=2.17=h717163a_0
  - ld_impl_linux-64=2.43=h712a8e2_4
  - lerc=4.0.0=h0aef613_1
  - libabseil=20250127.1=cxx17_hbbce691_0
  - libaec=1.1.3=h59595ed_0
  - libarchive=3.7.7=h75ea233_4
  - libarrow=20.0.0=hebdba27_3_cpu
  - libarrow-acero=20.0.0=hcb10f89_3_cpu
  - libarrow-dataset=20.0.0=hcb10f89_3_cpu
  - libarrow-substrait=20.0.0=h1bed206_3_cpu
  - libasprintf=0.24.1=h8e693c7_0
  - libasprintf-devel=0.24.1=h8e693c7_0
  - libblas=3.9.0=31_h59b9bed_openblas
  - libbrotlicommon=1.1.0=hb9d3cd8_2
  - libbrotlidec=1.1.0=hb9d3cd8_2
  - libbrotlienc=1.1.0=hb9d3cd8_2
  - libcap=2.75=h39aace5_0
  - libcblas=3.9.0=31_he106b2a_openblas
  - libclang-cpp20.1=20.1.5=default_h1df26ce_0
  - libclang13=20.1.5=default_he06ed0a_0
  - libcrc32c=1.1.2=h9c3ff4c_0
  - libcups=2.3.3=h4637d8d_4
  - libcurl=8.13.0=h332b0f4_0
  - libdeflate=1.24=h86f0d12_0
  - libdrm=2.4.124=hb9d3cd8_0
  - libedit=3.1.20250104=pl5321h7949ede_0
  - libegl=1.7.0=ha4b6fd6_2
  - libev=4.33=hd590300_2
  - libevent=2.1.12=hf998b51_1
  - libexpat=2.7.0=h5888daf_0
  - libffi=3.4.6=h2dba641_1
  - libflac=1.4.3=h59595ed_0
  - libfreetype=2.13.3=ha770c72_1
  - libfreetype6=2.13.3=h48d6fc4_1
  - libgcc=15.1.0=h767d61c_2
  - libgcc-ng=15.1.0=h69a702a_2
  - libgcrypt-lib=1.11.1=hb9d3cd8_0
  - libgd=2.3.3=h6f5c62b_11
  - libgdal-core=3.10.3=h86883d2_9
  - libgdal-hdf4=3.10.3=h9f77858_9
  - libgdal-hdf5=3.10.3=heb3e146_9
  - libgdal-netcdf=3.10.3=hda9de04_9
  - libgettextpo=0.24.1=h5888daf_0
  - libgettextpo-devel=0.24.1=h5888daf_0
  - libgfortran=15.1.0=h69a702a_2
  - libgfortran-ng=15.1.0=h69a702a_2
  - libgfortran5=15.1.0=hcea5267_2
  - libgl=1.7.0=ha4b6fd6_2
  - libglib=2.84.1=h3618099_1
  - libglvnd=1.7.0=ha4b6fd6_2
  - libglx=1.7.0=ha4b6fd6_2
  - libgomp=15.1.0=h767d61c_2
  - libgoogle-cloud=2.36.0=hc4361e1_1
  - libgoogle-cloud-storage=2.36.0=h0121fbd_1
  - libgpg-error=1.55=h3f2d84a_0
  - libgrpc=1.71.0=h8e591d7_1
  - libhwloc=2.11.2=default_h0d58e46_1001
  - libiconv=1.18=h4ce23a2_1
  - libjpeg-turbo=3.1.0=hb9d3cd8_0
  - libkml=1.3.0=hf539b9f_1021
  - liblapack=3.9.0=31_h7ac8fdf_openblas
  - liblapacke=3.9.0=31_he2f377e_openblas
  - libllvm20=20.1.5=he9d0ab4_0
  - liblzma=5.8.1=hb9d3cd8_1
  - liblzma-devel=5.8.1=hb9d3cd8_1
  - libnetcdf=4.9.2=nompi_h0134ee8_117
  - libnghttp2=1.64.0=h161d5f1_0
  - libnsl=2.0.1=hd590300_0
  - libntlm=1.8=hb9d3cd8_0
  - libogg=1.3.5=hd0c01bc_1
  - libopenblas=0.3.29=pthreads_h94d23a6_0
  - libopengl=1.7.0=ha4b6fd6_2
  - libopentelemetry-cpp=1.20.0=hd1b1c89_0
  - libopentelemetry-cpp-headers=1.20.0=ha770c72_0
  - libopus=1.5.2=hd0c01bc_0
  - libparquet=20.0.0=h081d1f1_3_cpu
  - libpciaccess=0.18=hd590300_0
  - libpng=1.6.47=h943b412_0
  - libpq=17.5=h27ae623_0
  - libprotobuf=5.29.3=h501fc15_1
  - libre2-11=2024.07.02=hba17884_3
  - librsvg=2.58.4=he92a37e_3
  - librttopo=1.1.0=hd718a1a_18
  - libscotch=7.0.4=h2fe6a88_5
  - libsndfile=1.2.2=hc60ed4a_1
  - libsodium=1.0.20=h4ab18f5_0
  - libspatialite=5.1.0=he17ca71_14
  - libspral=2025.03.06=h39c1cf3_0
  - libsqlite=3.49.2=hee588c1_0
  - libssh2=1.11.1=hcf80075_0
  - libstdcxx=15.1.0=h8f9b012_2
  - libstdcxx-ng=15.1.0=h4852527_2
  - libsystemd0=257.4=h4e0b6ca_1
  - libthrift=0.21.0=h0e7cc3e_0
  - libtiff=4.7.0=hf01ce69_5
  - libutf8proc=2.10.0=h4c51ac1_0
  - libuuid=2.38.1=h0b41bf4_0
  - libvorbis=1.3.7=h9c3ff4c_0
  - libwebp-base=1.5.0=h851e524_0
  - libxcb=1.17.0=h8a09558_0
  - libxcrypt=4.4.36=hd590300_1
  - libxkbcommon=1.9.2=h65c71a3_0
  - libxml2=2.13.8=h4bc477f_0
  - libxslt=1.1.39=h76b75d6_0
  - libzip=1.11.2=h6991a6a_0
  - libzlib=1.3.1=hb9d3cd8_2
  - linopy=0.5.5=pyhd8ed1ab_0
  - locket=1.0.0=pyhd8ed1ab_0
  - lxml=5.4.0=py312h68d7fa5_0
  - lz4=4.4.4=py312hf0f0c11_0
  - lz4-c=1.10.0=h5888daf_1
  - lzo=2.10=hd590300_1001
  - mapclassify=2.8.1=pyhd8ed1ab_1
  - markupsafe=3.0.2=py312h178313f_1
  - matplotlib=3.9.1=py312h7900ff3_1
  - matplotlib-base=3.9.1=py312h854627b_2
  - matplotlib-inline=0.1.7=pyhd8ed1ab_1
  - mccabe=0.7.0=pyhd8ed1ab_1
  - memory_profiler=0.61.0=pyhd8ed1ab_1
  - metis=5.1.0=hd0bcaf9_1007
  - minizip=4.0.10=h05a5f5f_0
  - mistune=3.1.3=pyh29332c3_0
  - mpfr=4.2.1=h90cbb55_3
  - mpg123=1.32.9=hc50e24c_0
  - msgpack-python=1.1.0=py312h68727a3_0
  - multiurl=0.3.5=pyhd8ed1ab_0
  - mumps-include=5.7.3=h82cca05_10
  - mumps-seq=5.7.3=h27a6a8b_0
  - munkres=1.1.4=pyh9f0ad1d_0
  - narwhals=1.39.1=pyhe01879c_0
  - nbclient=0.10.2=pyhd8ed1ab_0
  - nbconvert-core=7.16.6=pyh29332c3_0
  - nbformat=5.10.4=pyhd8ed1ab_1
  - ncurses=6.5=h2d0b736_3
  - nest-asyncio=1.6.0=pyhd8ed1ab_1
  - netcdf4=1.7.2=nompi_py312h3805cb1_102
  - networkx=3.4.2=pyh267e887_2
  - nlohmann_json=3.12.0=h3f2d84a_0
  - nodeenv=1.9.1=pyhd8ed1ab_1
  - nomkl=1.0=h5ca1d4c_0
  - notebook=7.4.2=pyhd8ed1ab_0
  - notebook-shim=0.2.4=pyhd8ed1ab_1
  - nspr=4.36=h5888daf_0
  - nss=3.111=h159eef7_0
  - numexpr=2.10.2=py312h6a710ac_100
  - numpy=1.26.4=py312heda63a1_0
  - oauthlib=3.2.2=pyhd8ed1ab_1
  - openjpeg=2.5.3=h5fbd93e_0
  - openldap=2.6.9=he970967_0
  - openpyxl=3.1.5=py312h710cb58_1
  - openssl=3.5.0=h7b32b05_1
  - orc=2.1.2=h17f744e_0
  - overrides=7.7.0=pyhd8ed1ab_1
  - packaging=25.0=pyh29332c3_1
  - pandas=2.2.3=py312hf9745cd_3
  - pandocfilters=1.5.0=pyhd8ed1ab_0
  - pango=1.56.3=h9ac818e_1
  - parso=0.8.4=pyhd8ed1ab_1
  - partd=1.4.2=pyhd8ed1ab_0
  - patsy=1.0.1=pyhd8ed1ab_1
  - pcre2=10.45=hc749103_0
  - pexpect=4.9.0=pyhd8ed1ab_1
  - pickleshare=0.7.5=pyhd8ed1ab_1004
  - pillow=11.2.1=py312h80c1187_0
  - pip=25.1.1=pyh8b19718_0
  - pixman=0.46.0=h29eaf8c_0
  - pkgutil-resolve-name=1.3.10=pyhd8ed1ab_2
  - plac=1.4.5=pyhd8ed1ab_0
  - platformdirs=4.3.8=pyhe01879c_0
  - pluggy=1.6.0=pyhd8ed1ab_0
  - ply=3.11=pyhd8ed1ab_3
  - polars=1.29.0=py39h441220d_0
  - powerplantmatching=0.7.1=pyhd8ed1ab_0
  - pre-commit=4.2.0=pyha770c72_0
  - progressbar2=4.5.0=pyhd8ed1ab_1
  - proj=9.6.0=h0054346_1
  - prometheus-cpp=1.3.0=ha5d0236_0
  - prometheus_client=0.21.1=pyhd8ed1ab_0
  - prompt-toolkit=3.0.51=pyha770c72_0
  - prompt_toolkit=3.0.51=hd8ed1ab_0
  - psutil=7.0.0=py312h66e93f0_0
  - pthread-stubs=0.4=hb9d3cd8_1002
  - ptyprocess=0.7.0=pyhd8ed1ab_1
  - pulp=2.8.0=py312h7900ff3_0
  - pulseaudio-client=17.0=hac146a9_1
  - pure_eval=0.2.3=pyhd8ed1ab_1
  - py-cpuinfo=9.0.0=pyhd8ed1ab_1
  - pyarrow=20.0.0=py312h7900ff3_0
  - pyarrow-core=20.0.0=py312h01725c0_0_cpu
  - pycountry=24.6.1=pyhd8ed1ab_0
  - pycparser=2.22=pyh29332c3_1
  - pygments=2.19.1=pyhd8ed1ab_0
  - pyjwt=2.10.1=pyhd8ed1ab_0
  - pylint=3.3.7=pyhe01879c_0
  - pyogrio=0.11.0=py312h02b19dd_0
  - pyparsing=3.2.3=pyhd8ed1ab_1
  - pyproj=3.7.1=py312h03c6e1f_1
  - pypsa=0.34.1=pyhd8ed1ab_0
  - pyqt=5.15.11=py312hcec5e1c_0
  - pyqt5-sip=12.17.0=py312h2ec8cdc_0
  - pyscipopt=5.5.0=py312h2ec8cdc_0
  - pyshp=2.3.1=pyhd8ed1ab_1
  - pysocks=1.7.1=pyha55dd90_7
  - pytables=3.10.2=py312h4f06452_4
  - pytest=8.3.5=pyhd8ed1ab_0
  - python=3.12.10=h9e4cc4f_0_cpython
  - python-dateutil=2.9.0.post0=pyhff2d567_1
  - python-fastjsonschema=2.21.1=pyhd8ed1ab_0
  - python-gil=3.12.10=hd8ed1ab_0
  - python-json-logger=2.0.7=pyhd8ed1ab_0
  - python-tzdata=2025.2=pyhd8ed1ab_0
  - python-utils=3.9.1=pyhff2d567_1
  - python_abi=3.12=7_cp312
  - pytz=2025.2=pyhd8ed1ab_0
  - pyxlsb=1.0.10=pyhd8ed1ab_0
  - pyyaml=6.0.2=py312h178313f_2
  - pyzmq=26.4.0=py312hbf22597_0
  - qhull=2020.2=h434a139_5
  - qt-main=5.15.15=hea1682b_4
  - rasterio=1.4.3=py312h021bea1_1
  - re2=2024.07.02=h9925aae_3
  - readline=8.2=h8c095d6_2
  - referencing=0.36.2=pyh29332c3_0
  - requests=2.32.3=pyhd8ed1ab_1
  - requests-oauthlib=1.4.0=pyhd8ed1ab_0
  - reretry=0.11.8=pyhd8ed1ab_1
  - rfc3339-validator=0.1.4=pyhd8ed1ab_1
  - rfc3986-validator=0.1.1=pyh9f0ad1d_0
  - rioxarray=0.19.0=pyhd8ed1ab_0
  - rpds-py=0.25.0=py312h680f630_0
  - ruff=0.11.10=py312h286b59f_0
  - s2n=1.5.18=h763c568_1
  - scikit-learn=1.6.1=py312h7a48858_0
  - scip=9.2.2=h072bc7a_2
  - scipy=1.15.2=py312ha707e6e_0
  - seaborn=0.13.2=hd8ed1ab_3
  - seaborn-base=0.13.2=pyhd8ed1ab_3
  - send2trash=1.8.3=pyh0d859eb_1
  - setuptools=80.1.0=pyhff2d567_0
  - shapely=2.0.7=py312h21f5128_1
  - sip=6.10.0=py312h2ec8cdc_0
  - six=1.17.0=pyhd8ed1ab_0
  - smart_open=7.1.0=pyhd8ed1ab_0
  - smmap=5.0.2=pyhd8ed1ab_0
  - snakemake-executor-plugin-cluster-generic=1.0.9=pyhdfd78af_0
  - snakemake-executor-plugin-slurm=1.2.11=pyhdfd78af_0
  - snakemake-executor-plugin-slurm-jobstep=0.3.0=pyhdfd78af_0
  - snakemake-interface-common=1.18.0=pyhdfd78af_0
  - snakemake-interface-executor-plugins=9.3.5=pyhdfd78af_0
  - snakemake-interface-logger-plugins=1.2.3=pyhdfd78af_0
  - snakemake-interface-report-plugins=1.1.0=pyhdfd78af_0
  - snakemake-interface-storage-plugins=4.2.1=pyhdfd78af_0
  - snakemake-minimal=9.4.0=pyhdfd78af_0
  - snakemake-storage-plugin-http=0.3.0=pyhdfd78af_0
  - snappy=1.2.1=h8bd8927_1
  - sniffio=1.3.1=pyhd8ed1ab_1
  - snuggs=1.4.7=pyhd8ed1ab_2
  - sortedcontainers=2.4.0=pyhd8ed1ab_1
  - soupsieve=2.7=pyhd8ed1ab_0
  - sqlite=3.49.2=h9eae976_0
  - stack_data=0.6.3=pyhd8ed1ab_1
  - statsmodels=0.14.4=py312hc0a28a1_0
  - tabulate=0.9.0=pyhd8ed1ab_2
  - tbb=2022.1.0=h4ce085d_0
  - tblib=3.1.0=pyhd8ed1ab_0
  - terminado=0.18.1=pyh0d859eb_0
  - threadpoolctl=3.6.0=pyhecae5ae_0
  - throttler=1.2.2=pyhd8ed1ab_0
  - tinycss2=1.4.0=pyhd8ed1ab_0
  - tk=8.6.13=noxft_h4845f30_101
  - toml=0.10.2=pyhd8ed1ab_1
  - tomli=2.2.1=pyhd8ed1ab_1
  - tomlkit=0.13.2=pyha770c72_1
  - toolz=1.0.0=pyhd8ed1ab_1
  - tornado=6.4.2=py312h66e93f0_0
  - tqdm=4.67.1=pyhd8ed1ab_1
  - traitlets=5.14.3=pyhd8ed1ab_1
  - types-python-dateutil=2.9.0.20241206=pyhd8ed1ab_0
  - typing-extensions=4.13.2=h0e9735f_0
  - typing_extensions=4.13.2=pyh29332c3_0
  - typing_utils=0.1.0=pyhd8ed1ab_1
  - tzdata=2025b=h78e105d_0
  - ukkonen=1.0.1=py312h68727a3_5
  - unicodedata2=16.0.0=py312h66e93f0_0
  - unidecode=1.3.8=pyh29332c3_1
  - uri-template=1.3.0=pyhd8ed1ab_1
  - uriparser=0.9.8=hac33072_0
  - urllib3=2.4.0=pyhd8ed1ab_0
  - validators=0.35.0=pyhd8ed1ab_0
  - virtualenv=20.31.2=pyhd8ed1ab_0
  - wayland=1.23.1=h3e06ad9_1
  - wcwidth=0.2.13=pyhd8ed1ab_1
  - webcolors=24.11.1=pyhd8ed1ab_0
  - webencodings=0.5.1=pyhd8ed1ab_3
  - websocket-client=1.8.0=pyhd8ed1ab_1
  - wheel=0.45.1=pyhd8ed1ab_1
  - widgetsnbextension=4.0.14=pyhd8ed1ab_0
  - wrapt=1.17.2=py312h66e93f0_0
  - xarray=2025.4.0=pyhd8ed1ab_0
  - xcb-util=0.4.1=hb711507_2
  - xcb-util-image=0.4.0=hb711507_2
  - xcb-util-keysyms=0.4.1=hb711507_0
  - xcb-util-renderutil=0.3.10=hb711507_0
  - xcb-util-wm=0.4.2=hb711507_0
  - xerces-c=3.2.5=h988505b_2
  - xkeyboard-config=2.44=hb9d3cd8_0
  - xlrd=2.0.1=pyhd8ed1ab_3
  - xorg-libice=1.1.2=hb9d3cd8_0
  - xorg-libsm=1.2.6=he73a12e_0
  - xorg-libx11=1.8.12=h4f16b4b_0
  - xorg-libxau=1.0.12=hb9d3cd8_0
  - xorg-libxcomposite=0.4.6=hb9d3cd8_2
  - xorg-libxcursor=1.2.3=hb9d3cd8_0
  - xorg-libxdamage=1.1.6=hb9d3cd8_0
  - xorg-libxdmcp=1.1.5=hb9d3cd8_0
  - xorg-libxext=1.3.6=hb9d3cd8_0
  - xorg-libxfixes=6.0.1=hb9d3cd8_0
  - xorg-libxi=1.8.2=hb9d3cd8_0
  - xorg-libxinerama=1.1.5=h5888daf_1
  - xorg-libxrandr=1.5.4=hb9d3cd8_0
  - xorg-libxrender=0.9.12=hb9d3cd8_0
  - xorg-libxshmfence=1.3.3=hb9d3cd8_0
  - xorg-libxtst=1.2.5=hb9d3cd8_3
  - xorg-libxxf86vm=1.1.6=hb9d3cd8_0
  - xyzservices=2025.4.0=pyhd8ed1ab_0
  - xz=5.8.1=hbcc6ac9_1
  - xz-gpl-tools=5.8.1=hbcc6ac9_1
  - xz-tools=5.8.1=hb9d3cd8_1
  - yaml=0.2.5=h7f98852_2
  - yte=1.7.0=pyha770c72_1
  - zeromq=4.3.5=h3b0a872_7
  - zict=3.0.0=pyhd8ed1ab_1
  - zipp=3.21.0=pyhd8ed1ab_1
  - zlib=1.3.1=hb9d3cd8_2
  - zlib-ng=2.2.4=h7955e40_0
  - zstandard=0.23.0=py312h66e93f0_2
  - zstd=1.5.7=hb8e6e7a_2
  - pip:
      - gurobipy == 12.0.2 --hash=sha256:111d32393a39a3e2ddd5ead1752731d388b3c685b73550c6b0ca9a45d954c364
      - pyomo == 6.9.2 --hash=sha256:7d890f67053d10d89a3a2b8bc3901dc7d926fbf225b4bd219167c00f9550a5ff
      - tsam == 2.3.6 --hash=sha256:2d4ff20e1fcc5e061fbbcf772b51dc3d44dd68198f5a40eca7e0422c70cffe95
