# Generated by conda-lock.
# platform: linux-64
# input_hash: fd3ab2db8234e4323b979d4ec1db462f976ed44ab8161c5a6d080df300da28f8

channels:
  - conda-forge
  - bioconda
name: pypsa-eur
dependencies:
  - _libgcc_mutex=0.1=conda_forge
  - _openmp_mutex=4.5=2_gnu
  - _python_abi3_support=1.0=hd8ed1ab_2
  - adwaita-icon-theme=48.1=unix_1
  - affine=2.4.0=pyhd8ed1ab_1
  - aiohappyeyeballs=2.6.1=pyhd8ed1ab_0
  - aiohttp=3.12.15=py312h8a5da7c_0
  - aiosignal=1.4.0=pyhd8ed1ab_0
  - alsa-lib=1.2.14=hb9d3cd8_0
  - ampl-asl=1.0.0=h5888daf_2
  - amply=0.1.6=pyhd8ed1ab_1
  - anyio=4.10.0=pyhe01879c_0
  - appdirs=1.4.4=pyhd8ed1ab_1
  - argon2-cffi=25.1.0=pyhd8ed1ab_0
  - argon2-cffi-bindings=25.1.0=py312h4c3975b_0
  - argparse-dataclass=2.0.0=pyhd8ed1ab_0
  - arrow=1.3.0=pyhd8ed1ab_1
  - astroid=3.3.11=py312h7900ff3_1
  - asttokens=3.0.0=pyhd8ed1ab_1
  - async-lru=2.0.5=pyh29332c3_0
  - at-spi2-atk=2.38.0=h0630a04_3
  - at-spi2-core=2.40.3=h0630a04_0
  - atk-1.0=2.38.0=h04ea711_2
  - atlite=0.4.1=pyhd8ed1ab_1
  - attrs=25.3.0=pyh71513ae_0
  - aws-c-auth=0.9.0=h0fbd49f_19
  - aws-c-cal=0.9.2=he7b75e1_1
  - aws-c-common=0.12.4=hb03c661_0
  - aws-c-compression=0.3.1=h92c474e_6
  - aws-c-event-stream=0.5.5=h149bd38_3
  - aws-c-http=0.10.4=h37a7233_0
  - aws-c-io=0.21.2=h6252d9a_1
  - aws-c-mqtt=0.13.3=h19deb91_3
  - aws-c-s3=0.8.6=h800fcd2_2
  - aws-c-sdkutils=0.2.4=h92c474e_1
  - aws-checksums=0.2.7=h92c474e_2
  - aws-crt-cpp=0.33.1=hb4fd278_2
  - aws-sdk-cpp=1.11.606=h31ade35_1
  - azure-core-cpp=1.16.0=h3a458e0_0
  - azure-identity-cpp=1.12.0=ha729027_0
  - azure-storage-blobs-cpp=12.14.0=hb1c9500_1
  - azure-storage-common-cpp=12.10.0=hebae86a_2
  - azure-storage-files-datalake-cpp=12.12.0=h8b27e44_3
  - babel=2.17.0=pyhd8ed1ab_0
  - beautifulsoup4=4.13.5=pyha770c72_0
  - bleach=6.2.0=pyh29332c3_4
  - bleach-with-css=6.2.0=h82add2a_4
  - blinker=1.9.0=pyhff2d567_0
  - blis=0.9.0=h4ab18f5_2
  - blosc=1.21.6=he440d0b_1
  - bokeh=3.8.0=pyhd8ed1ab_0
  - bottleneck=1.6.0=py312h4f23490_0
  - branca=0.8.1=pyhd8ed1ab_0
  - brotli=1.1.0=hb03c661_4
  - brotli-bin=1.1.0=hb03c661_4
  - brotli-python=1.1.0=py312h1289d80_4
  - bzip2=1.0.8=hda65f42_8
  - c-ares=1.34.5=hb9d3cd8_0
  - c-blosc2=2.21.2=h4cfbee9_0
  - ca-certificates=2025.8.3=hbd8a1cb_0
  - cached-property=1.5.2=hd8ed1ab_1
  - cached_property=1.5.2=pyha770c72_1
  - cachetools=5.5.2=pyhd8ed1ab_0
  - cairo=1.18.4=h3394656_0
  - cartopy=0.25.0=py312hf79963d_1
  - cdsapi=0.7.6=pyhd8ed1ab_0
  - certifi=2025.8.3=pyhd8ed1ab_0
  - cffi=1.17.1=py312h35888ee_1
  - cfgrib=0.9.15.0=pyhd8ed1ab_0
  - cfgv=3.3.1=pyhd8ed1ab_1
  - cftime=1.6.4=py312h4f23490_2
  - charset-normalizer=3.4.3=pyhd8ed1ab_0
  - click=8.2.1=pyh707e725_0
  - click-plugins=1.1.1.2=pyhd8ed1ab_0
  - cligj=0.7.2=pyhd8ed1ab_2
  - cloudpickle=3.1.1=pyhd8ed1ab_0
  - coin-or-cbc=2.10.12=h4d16d09_4
  - coin-or-cgl=0.60.9=hc46dffc_6
  - coin-or-clp=1.17.10=hc03379b_3
  - coin-or-osi=0.108.11=hf4fecb4_7
  - coin-or-utils=2.11.12=hc93afbd_6
  - colorama=0.4.6=pyhd8ed1ab_1
  - comm=0.2.3=pyhe01879c_0
  - conda-inject=1.3.2=pyhd8ed1ab_0
  - configargparse=1.7.1=pyhe01879c_0
  - connection_pool=0.0.3=pyhd3deb0d_0
  - contourpy=1.3.3=py312hd9148b4_2
  - country_converter=1.3.1=pyhd8ed1ab_0
  - cppad=20250000.2=h5888daf_0
  - cpython=3.12.11=py312hd8ed1ab_0
  - cryptography=45.0.7=py312hee9fe19_1
  - cycler=0.12.1=pyhd8ed1ab_1
  - cyrus-sasl=2.1.28=hd9c7081_0
  - cytoolz=1.0.1=py312h66e93f0_0
  - dask=2025.7.0=pyhe01879c_0
  - dask-core=2025.7.0=pyhe01879c_1
  - dbus=1.16.2=h3c4dab8_0
  - debugpy=1.8.16=py312h8285ef7_1
  - decorator=5.2.1=pyhd8ed1ab_0
  - defusedxml=0.7.1=pyhd8ed1ab_0
  - deprecation=2.1.0=pyh9f0ad1d_0
  - descartes=1.1.0=pyhd8ed1ab_5
  - dill=0.4.0=pyhd8ed1ab_0
  - distlib=0.4.0=pyhd8ed1ab_0
  - distributed=2025.7.0=pyhe01879c_0
  - docutils=0.22=pyhd8ed1ab_0
  - double-conversion=3.3.1=h5888daf_0
  - dpath=2.2.0=pyha770c72_0
  - eccodes=2.42.0=h5f92351_0
  - ecmwf-datastores-client=0.4.0=pyhd8ed1ab_0
  - entsoe-py=0.7.4=pyhd8ed1ab_0
  - epoxy=1.5.10=h166bdaf_1
  - et_xmlfile=2.0.0=pyhd8ed1ab_1
  - exceptiongroup=1.3.0=pyhd8ed1ab_0
  - executing=2.2.1=pyhd8ed1ab_0
  - filelock=3.19.1=pyhd8ed1ab_0
  - findlibs=0.1.2=pyhd8ed1ab_0
  - fiona=1.10.1=py312h02b19dd_3
  - folium=0.20.0=pyhd8ed1ab_0
  - font-ttf-dejavu-sans-mono=2.37=hab24e00_0
  - font-ttf-inconsolata=3.000=h77eed37_0
  - font-ttf-source-code-pro=2.038=h77eed37_0
  - font-ttf-ubuntu=0.83=h77eed37_3
  - fontconfig=2.15.0=h7e30c49_1
  - fonts-conda-ecosystem=1=0
  - fonts-conda-forge=1=0
  - fonttools=4.59.2=py312h8a5da7c_0
  - fqdn=1.5.1=pyhd8ed1ab_1
  - freeglut=3.2.2=ha6d2627_3
  - freetype=2.14.1=ha770c72_0
  - freexl=2.0.0=h9dce30a_2
  - fribidi=1.0.16=hb03c661_0
  - frozenlist=1.7.0=py312h447239a_0
  - fsspec=2025.9.0=pyhd8ed1ab_0
  - gdk-pixbuf=2.42.12=h2b0a6b4_3
  - geographiclib=2.1=pyhd8ed1ab_0
  - geojson=3.2.0=pyhd8ed1ab_0
  - geopandas=1.1.1=pyhd8ed1ab_0
  - geopandas-base=1.1.1=pyha770c72_0
  - geopy=2.4.1=pyhd8ed1ab_2
  - geos=3.13.1=h97f6797_0
  - geotiff=1.7.4=h239500f_2
  - gflags=2.2.2=h5888daf_1005
  - giflib=5.2.2=hd590300_0
  - gitdb=4.0.12=pyhd8ed1ab_0
  - gitpython=3.1.45=pyhff2d567_0
  - glib-tools=2.84.3=hf516916_0
  - glog=0.7.1=hbabe93e_0
  - glpk=5.0=h445213a_0
  - gmp=6.3.0=hac33072_2
  - google-api-core=2.25.1=pyhd8ed1ab_0
  - google-auth=2.40.3=pyhd8ed1ab_0
  - google-cloud-core=2.4.3=pyhd8ed1ab_0
  - google-cloud-storage=3.4.0=pyhd8ed1ab_0
  - google-crc32c=1.7.1=py312h03f33d3_1
  - google-resumable-media=2.7.2=pyhd8ed1ab_2
  - googleapis-common-protos=1.70.0=pyhd8ed1ab_0
  - graphite2=1.3.14=hecca717_2
  - graphviz=13.1.2=h87b6fe6_0
  - grpcio=1.73.1=py312hf7a0c6d_0
  - gtk3=3.24.43=h0c6a113_5
  - gts=0.7.6=h977cf35_4
  - h11=0.16.0=pyhd8ed1ab_0
  - h2=4.3.0=pyhcf101f3_0
  - h5netcdf=1.6.4=pyhd8ed1ab_0
  - h5py=3.14.0=nompi_py312ha4f8f14_101
  - harfbuzz=11.4.5=h15599e2_0
  - hdf4=4.2.15=h2a13503_7
  - hdf5=1.14.6=nompi_h6e4c0c1_103
  - hicolor-icon-theme=0.17=ha770c72_2
  - highspy=1.11.0=np2py312h0f77346_1
  - hpack=4.1.0=pyhd8ed1ab_0
  - httpcore=1.0.9=pyh29332c3_0
  - httpx=0.28.1=pyhd8ed1ab_0
  - humanfriendly=10.0=pyh707e725_8
  - hyperframe=6.1.0=pyhd8ed1ab_0
  - icu=75.1=he02047a_0
  - identify=2.6.14=pyhd8ed1ab_0
  - idna=3.10=pyhd8ed1ab_1
  - immutables=0.21=py312h4c3975b_2
  - importlib-metadata=8.7.0=pyhe01879c_1
  - iniconfig=2.0.0=pyhd8ed1ab_1
  - ipopt=3.14.19=h6c08d29_1
  - ipykernel=6.30.1=pyh82676e8_0
  - ipython=9.5.0=pyhfa0c392_0
  - ipython_pygments_lexers=1.1.1=pyhd8ed1ab_0
  - ipywidgets=8.1.7=pyhd8ed1ab_0
  - isoduration=20.11.0=pyhd8ed1ab_1
  - isort=6.0.1=pyhd8ed1ab_1
  - jasper=4.2.8=he3c4edf_0
  - jedi=0.19.2=pyhd8ed1ab_1
  - jinja2=3.1.6=pyhd8ed1ab_0
  - joblib=1.5.2=pyhd8ed1ab_0
  - jpype1=1.6.0=py312hd9148b4_1
  - json-c=0.18=h6688a6e_0
  - json5=0.12.1=pyhd8ed1ab_0
  - jsonpointer=3.0.0=py312h7900ff3_2
  - jsonschema=4.25.1=pyhe01879c_0
  - jsonschema-specifications=2025.9.1=pyhcf101f3_0
  - jsonschema-with-format-nongpl=4.25.1=he01879c_0
  - jupyter=1.1.1=pyhd8ed1ab_1
  - jupyter-lsp=2.3.0=pyhcf101f3_0
  - jupyter_client=8.6.3=pyhd8ed1ab_1
  - jupyter_console=6.6.3=pyhd8ed1ab_1
  - jupyter_core=5.8.1=pyh31011fe_0
  - jupyter_events=0.12.0=pyh29332c3_0
  - jupyter_server=2.17.0=pyhcf101f3_0
  - jupyter_server_terminals=0.5.3=pyhd8ed1ab_1
  - jupyterlab=4.4.7=pyhd8ed1ab_0
  - jupyterlab_pygments=0.3.0=pyhd8ed1ab_2
  - jupyterlab_server=2.27.3=pyhd8ed1ab_1
  - jupyterlab_widgets=3.0.15=pyhd8ed1ab_0
  - keyutils=1.6.3=hb9d3cd8_0
  - kiwisolver=1.4.9=py312h0a2e395_1
  - krb5=1.21.3=h659f571_0
  - lark=1.2.2=pyhd8ed1ab_1
  - lcms2=2.17=h717163a_0
  - ld_impl_linux-64=2.44=h1423503_1
  - lerc=4.0.0=h0aef613_1
  - libabseil=20250512.1=cxx17_hba17884_0
  - libaec=1.1.4=h3f801dc_0
  - libarchive=3.8.1=gpl_h98cc613_100
  - libarrow=21.0.0=hb708d0b_3_cpu
  - libarrow-acero=21.0.0=h635bf11_3_cpu
  - libarrow-compute=21.0.0=h8c2c5c3_3_cpu
  - libarrow-dataset=21.0.0=h635bf11_3_cpu
  - libarrow-substrait=21.0.0=h3f74fd7_3_cpu
  - libblas=3.9.0=35_h91f140b_blis
  - libbrotlicommon=1.1.0=hb03c661_4
  - libbrotlidec=1.1.0=hb03c661_4
  - libbrotlienc=1.1.0=hb03c661_4
  - libcblas=3.9.0=35_h3c44731_blis
  - libclang-cpp20.1=20.1.8=default_h99862b1_1
  - libclang13=21.1.0=default_h746c552_1
  - libcrc32c=1.1.2=h9c3ff4c_0
  - libcups=2.3.3=hb8b1518_5
  - libcurl=8.14.1=h332b0f4_0
  - libdeflate=1.24=h86f0d12_0
  - libdrm=2.4.125=hb03c661_1
  - libedit=3.1.20250104=pl5321h7949ede_0
  - libegl=1.7.0=ha4b6fd6_2
  - libev=4.33=hd590300_2
  - libevent=2.1.12=hf998b51_1
  - libexpat=2.7.1=hecca717_0
  - libffi=3.4.6=h2dba641_1
  - libfreetype=2.14.1=ha770c72_0
  - libfreetype6=2.14.1=h73754d4_0
  - libgcc=15.1.0=h767d61c_5
  - libgcc-ng=15.1.0=h69a702a_5
  - libgd=2.3.3=h6f5c62b_11
  - libgdal-core=3.10.3=h02f45b3_13
  - libgdal-hdf4=3.10.3=ha810028_13
  - libgdal-hdf5=3.10.3=h966a9c2_13
  - libgdal-netcdf=3.10.3=h3888ec4_13
  - libgfortran=15.1.0=h69a702a_5
  - libgfortran5=15.1.0=hcea5267_5
  - libgl=1.7.0=ha4b6fd6_2
  - libglib=2.84.3=hf39c6af_0
  - libglu=9.0.3=h5888daf_1
  - libglvnd=1.7.0=ha4b6fd6_2
  - libglx=1.7.0=ha4b6fd6_2
  - libgomp=15.1.0=h767d61c_5
  - libgoogle-cloud=2.39.0=hdb79228_0
  - libgoogle-cloud-storage=2.39.0=hdbdcf42_0
  - libgrpc=1.73.1=h1e535eb_0
  - libhwloc=2.12.1=default_h3d81e11_1000
  - libiconv=1.18=h3b78370_2
  - libjpeg-turbo=3.1.0=hb9d3cd8_0
  - libkml=1.3.0=hf539b9f_1021
  - liblapack=3.9.0=12_hd37a5e2_netlib
  - liblapacke=3.9.0=12_hce4cc19_netlib
  - libllvm20=20.1.8=hecd9e04_0
  - libllvm21=21.1.0=hecd9e04_0
  - liblzma=5.8.1=hb9d3cd8_2
  - libnetcdf=4.9.2=nompi_h21f7587_118
  - libnghttp2=1.67.0=had1ee68_0
  - libnsl=2.0.1=hb9d3cd8_1
  - libntlm=1.8=hb9d3cd8_0
  - libopengl=1.7.0=ha4b6fd6_2
  - libopentelemetry-cpp=1.21.0=hb9b0907_1
  - libopentelemetry-cpp-headers=1.21.0=ha770c72_1
  - libparquet=21.0.0=h790f06f_3_cpu
  - libpciaccess=0.18=hb9d3cd8_0
  - libpng=1.6.50=h421ea60_1
  - libpq=17.6=h3675c94_2
  - libprotobuf=6.31.1=h9ef548d_1
  - libre2-11=2025.08.12=h7b12aa8_1
  - librsvg=2.58.4=he92a37e_3
  - librttopo=1.1.0=hd718a1a_18
  - libscotch=7.0.8=int64_h1cd4a87_1
  - libsodium=1.0.20=h4ab18f5_0
  - libspatialite=5.1.0=he17ca71_14
  - libspral=2025.05.20=hfabd9d1_1
  - libsqlite=3.50.4=h0c1763c_0
  - libssh2=1.11.1=hcf80075_0
  - libstdcxx=15.1.0=h8f9b012_5
  - libstdcxx-ng=15.1.0=h4852527_5
  - libthrift=0.22.0=h454ac66_1
  - libtiff=4.7.0=h8261f1e_6
  - libutf8proc=2.11.0=hb04c3b8_0
  - libuuid=2.41.1=he9a06e4_0
  - libwebp-base=1.6.0=hd42ef1d_0
  - libxcb=1.17.0=h8a09558_0
  - libxcrypt=4.4.36=hd590300_1
  - libxkbcommon=1.11.0=he8b52b9_0
  - libxml2=2.13.8=h04c0eec_1
  - libxslt=1.1.43=h7a3aeb2_0
  - libzip=1.11.2=h6991a6a_0
  - libzlib=1.3.1=hb9d3cd8_2
  - linopy=0.5.7=pyhd8ed1ab_0
  - locket=1.0.0=pyhd8ed1ab_0
  - lxml=6.0.1=py312h70dad80_1
  - lz4=4.4.4=py312h5d89b6d_1
  - lz4-c=1.10.0=h5888daf_1
  - lzo=2.10=h280c20c_1002
  - mapclassify=2.10.0=pyhd8ed1ab_1
  - markupsafe=3.0.2=py312h178313f_1
  - matplotlib=3.10.6=py312h7900ff3_1
  - matplotlib-base=3.10.6=py312he3d6523_1
  - matplotlib-inline=0.1.7=pyhd8ed1ab_1
  - mccabe=0.7.0=pyhd8ed1ab_1
  - memory_profiler=0.61.0=pyhd8ed1ab_1
  - metis=5.1.0=hd0bcaf9_1007
  - minizip=4.0.10=h05a5f5f_0
  - mistune=3.1.4=pyhcf101f3_0
  - mpfr=4.2.1=h90cbb55_3
  - msgpack-python=1.1.1=py312hd9148b4_1
  - multidict=6.6.3=py312h178313f_0
  - multiurl=0.3.7=pyhd8ed1ab_0
  - mumps-include=5.8.1=h5a610fb_3
  - mumps-seq=5.8.1=hb34f79d_3
  - munkres=1.1.4=pyhd8ed1ab_1
  - narwhals=2.5.0=pyhcf101f3_0
  - nbclient=0.10.2=pyhd8ed1ab_0
  - nbconvert-core=7.16.6=pyh29332c3_0
  - nbformat=5.10.4=pyhd8ed1ab_1
  - ncurses=6.5=h2d0b736_3
  - nest-asyncio=1.6.0=pyhd8ed1ab_1
  - netcdf4=1.7.2=nompi_py312hdd76c12_103
  - networkx=3.5=pyhe01879c_0
  - nlohmann_json=3.12.0=h3f2d84a_0
  - nodeenv=1.9.1=pyhd8ed1ab_1
  - nomkl=1.0=h5ca1d4c_0
  - notebook=7.4.5=pyhd8ed1ab_0
  - notebook-shim=0.2.4=pyhd8ed1ab_1
  - numexpr=2.12.1=py312h88efc94_100
  - numpy=1.26.4=py312heda63a1_0
  - oauthlib=3.3.1=pyhd8ed1ab_0
  - openjpeg=2.5.3=h55fea9a_1
  - openldap=2.6.10=he970967_0
  - openpyxl=3.1.5=py312h7f6eeab_2
  - openssl=3.5.2=h26f9b46_0
  - orc=2.2.0=h1bc01a4_0
  - overrides=7.7.0=pyhd8ed1ab_1
  - packaging=25.0=pyh29332c3_1
  - pandas=2.3.2=py312hf79963d_0
  - pandocfilters=1.5.0=pyhd8ed1ab_0
  - pango=1.56.4=hadf4263_0
  - parso=0.8.5=pyhcf101f3_0
  - partd=1.4.2=pyhd8ed1ab_0
  - patsy=1.0.1=pyhd8ed1ab_1
  - pcre2=10.45=hc749103_0
  - pexpect=4.9.0=pyhd8ed1ab_1
  - pickleshare=0.7.5=pyhd8ed1ab_1004
  - pillow=11.3.0=py312h0e488c8_1
  - pip=25.2=pyh8b19718_0
  - pixman=0.46.4=h54a6638_1
  - plac=1.4.5=pyhd8ed1ab_0
  - platformdirs=4.4.0=pyhcf101f3_0
  - plotly=6.3.0=pyhd8ed1ab_0
  - pluggy=1.6.0=pyhd8ed1ab_0
  - polars=1.33.1=default_h755bcc6_0
  - polars-default=1.33.1=py39hf521cc8_0
  - powerplantmatching=0.7.1=pyhd8ed1ab_0
  - pre-commit=4.3.0=pyha770c72_0
  - progressbar2=4.5.0=pyhd8ed1ab_1
  - proj=9.6.2=h18fbb6c_2
  - prometheus-cpp=1.3.0=ha5d0236_0
  - prometheus_client=0.22.1=pyhd8ed1ab_0
  - prompt-toolkit=3.0.52=pyha770c72_0
  - prompt_toolkit=3.0.52=hd8ed1ab_0
  - propcache=0.3.1=py312h178313f_0
  - proto-plus=1.26.1=pyhd8ed1ab_0
  - protobuf=6.31.1=py312h7e1e8fc_0
  - psutil=7.0.0=py312h4c3975b_1
  - pthread-stubs=0.4=hb9d3cd8_1002
  - ptyprocess=0.7.0=pyhd8ed1ab_1
  - pulp=2.8.0=py312hd0750ca_3
  - pure_eval=0.2.3=pyhd8ed1ab_1
  - py-cpuinfo=9.0.0=pyhd8ed1ab_1
  - pyarrow=21.0.0=py312h7900ff3_0
  - pyarrow-core=21.0.0=py312hc195796_0_cpu
  - pyasn1=0.6.1=pyhd8ed1ab_2
  - pyasn1-modules=0.4.2=pyhd8ed1ab_0
  - pycountry=24.6.1=pyhd8ed1ab_0
  - pycparser=2.22=pyh29332c3_1
  - pygments=2.19.2=pyhd8ed1ab_0
  - pyjwt=2.10.1=pyhd8ed1ab_0
  - pylint=3.3.8=pyhe01879c_0
  - pyogrio=0.11.0=py312h02b19dd_0
  - pyopenssl=25.1.0=pyhd8ed1ab_0
  - pyparsing=3.2.4=pyhcf101f3_0
  - pyproj=3.7.2=py312h1c88c49_1
  - pypsa=0.35.2=pyhd8ed1ab_0
  - pyscipopt=5.6.0=py312h1289d80_1
  - pyshp=3.0.1=pyhd8ed1ab_0
  - pyside6=6.9.2=py312h5654102_1
  - pysocks=1.7.1=pyha55dd90_7
  - pytables=3.10.2=py312hefc0c3f_8
  - pytest=8.4.2=pyhd8ed1ab_0
  - python=3.12.11=h9e4cc4f_0_cpython
  - python-dateutil=2.9.0.post0=pyhe01879c_2
  - python-eccodes=2.37.0=py312h4f23490_1
  - python-fastjsonschema=2.21.2=pyhe01879c_0
  - python-gil=3.12.11=hd8ed1ab_0
  - python-json-logger=2.0.7=pyhd8ed1ab_0
  - python-tzdata=2025.2=pyhd8ed1ab_0
  - python-utils=3.9.1=pyhff2d567_1
  - python_abi=3.12=8_cp312
  - pytz=2025.2=pyhd8ed1ab_0
  - pyu2f=0.1.5=pyhd8ed1ab_1
  - pyxlsb=1.0.10=pyhd8ed1ab_0
  - pyyaml=6.0.2=py312h178313f_2
  - pyzmq=27.1.0=py312hfb55c3c_0
  - qhull=2020.2=h434a139_5
  - qt6-main=6.9.2=h3fc9a0a_0
  - rasterio=1.4.3=py312h021bea1_1
  - re2=2025.08.12=h5301d42_1
  - readline=8.2=h8c095d6_2
  - referencing=0.36.2=pyh29332c3_0
  - requests=2.32.5=pyhd8ed1ab_0
  - requests-oauthlib=1.4.0=pyhd8ed1ab_0
  - reretry=0.11.8=pyhd8ed1ab_1
  - rfc3339-validator=0.1.4=pyhd8ed1ab_1
  - rfc3986-validator=0.1.1=pyh9f0ad1d_0
  - rfc3987-syntax=1.1.0=pyhe01879c_1
  - rioxarray=0.19.0=pyhd8ed1ab_0
  - rpds-py=0.27.1=py312h868fb18_1
  - rsa=4.9.1=pyhd8ed1ab_0
  - ruff=0.13.0=h718f522_0
  - s2n=1.5.23=h8e187f5_0
  - scikit-learn=1.7.2=py312h4f0b9e3_0
  - scip=9.2.3=h61578e6_4
  - scipy=1.16.2=py312h7a1785b_0
  - seaborn=0.13.2=hd8ed1ab_3
  - seaborn-base=0.13.2=pyhd8ed1ab_3
  - send2trash=1.8.3=pyh0d859eb_1
  - setuptools=80.9.0=pyhff2d567_0
  - shapely=2.0.7=py312h21f5128_1
  - six=1.17.0=pyhe01879c_1
  - smart_open=7.3.1=pyhcf101f3_0
  - smmap=5.0.2=pyhd8ed1ab_0
  - snakemake-executor-plugin-cluster-generic=1.0.9=pyhdfd78af_0
  - snakemake-executor-plugin-slurm=1.7.0=pyhdfd78af_0
  - snakemake-executor-plugin-slurm-jobstep=0.3.0=pyhdfd78af_0
  - snakemake-interface-common=1.21.0=pyhdfd78af_0
  - snakemake-interface-executor-plugins=9.3.9=pyhdfd78af_0
  - snakemake-interface-logger-plugins=1.2.4=pyhdfd78af_0
  - snakemake-interface-report-plugins=1.2.0=pyhdfd78af_0
  - snakemake-interface-scheduler-plugins=2.0.1=pyhd4c3c12_0
  - snakemake-interface-storage-plugins=4.2.3=pyhd4c3c12_0
  - snakemake-minimal=9.11.2=pyhdfd78af_0
  - snakemake-storage-plugin-http=0.3.0=pyhdfd78af_0
  - snappy=1.2.2=h03e3b7b_0
  - sniffio=1.3.1=pyhd8ed1ab_1
  - snuggs=1.4.7=pyhd8ed1ab_2
  - sortedcontainers=2.4.0=pyhd8ed1ab_1
  - soupsieve=2.8=pyhd8ed1ab_0
  - sqlite=3.50.4=hbc0de68_0
  - stack_data=0.6.3=pyhd8ed1ab_1
  - statsmodels=0.14.5=py312h8b63200_0
  - tabulate=0.9.0=pyhd8ed1ab_2
  - tbb=2022.2.0=hb60516a_1
  - tblib=3.1.0=pyhd8ed1ab_0
  - terminado=0.18.1=pyh0d859eb_0
  - threadpoolctl=3.6.0=pyhecae5ae_0
  - throttler=1.2.2=pyhd8ed1ab_0
  - tinycss2=1.4.0=pyhd8ed1ab_0
  - tk=8.6.13=noxft_hd72426e_102
  - tomli=2.2.1=pyhe01879c_2
  - tomlkit=0.13.3=pyha770c72_0
  - toolz=1.0.0=pyhd8ed1ab_1
  - tornado=6.5.2=py312h4c3975b_1
  - tqdm=4.67.1=pyhd8ed1ab_1
  - traitlets=5.14.3=pyhd8ed1ab_1
  - types-python-dateutil=2.9.0.20250822=pyhd8ed1ab_0
  - typing-extensions=4.15.0=h396c80c_0
  - typing_extensions=4.15.0=pyhcf101f3_0
  - typing_utils=0.1.0=pyhd8ed1ab_1
  - tzdata=2025b=h78e105d_0
  - ukkonen=1.0.1=py312h68727a3_5
  - unicodedata2=16.0.0=py312h4c3975b_1
  - unidecode=1.3.8=pyh29332c3_1
  - uri-template=1.3.0=pyhd8ed1ab_1
  - uriparser=0.9.8=hac33072_0
  - urllib3=2.5.0=pyhd8ed1ab_0
  - validators=0.35.0=pyhd8ed1ab_0
  - virtualenv=20.34.0=pyhd8ed1ab_0
  - wayland=1.24.0=h3e06ad9_0
  - wcwidth=0.2.13=pyhd8ed1ab_1
  - webcolors=24.11.1=pyhd8ed1ab_0
  - webencodings=0.5.1=pyhd8ed1ab_3
  - websocket-client=1.8.0=pyhd8ed1ab_1
  - wheel=0.45.1=pyhd8ed1ab_1
  - widgetsnbextension=4.0.14=pyhd8ed1ab_0
  - wrapt=1.17.3=py312h4c3975b_1
  - xarray=2025.6.1=pyhd8ed1ab_1
  - xcb-util=0.4.1=h4f16b4b_2
  - xcb-util-cursor=0.1.5=hb9d3cd8_0
  - xcb-util-image=0.4.0=hb711507_2
  - xcb-util-keysyms=0.4.1=hb711507_0
  - xcb-util-renderutil=0.3.10=hb711507_0
  - xcb-util-wm=0.4.2=hb711507_0
  - xerces-c=3.2.5=h988505b_2
  - xkeyboard-config=2.45=hb9d3cd8_0
  - xlrd=2.0.2=pyhd8ed1ab_0
  - xorg-libice=1.1.2=hb9d3cd8_0
  - xorg-libsm=1.2.6=he73a12e_0
  - xorg-libx11=1.8.12=h4f16b4b_0
  - xorg-libxau=1.0.12=hb9d3cd8_0
  - xorg-libxcomposite=0.4.6=hb9d3cd8_2
  - xorg-libxcursor=1.2.3=hb9d3cd8_0
  - xorg-libxdamage=1.1.6=hb9d3cd8_0
  - xorg-libxdmcp=1.1.5=hb9d3cd8_0
  - xorg-libxext=1.3.6=hb9d3cd8_0
  - xorg-libxfixes=6.0.1=hb9d3cd8_0
  - xorg-libxi=1.8.2=hb9d3cd8_0
  - xorg-libxinerama=1.1.5=h5888daf_1
  - xorg-libxrandr=1.5.4=hb9d3cd8_0
  - xorg-libxrender=0.9.12=hb9d3cd8_0
  - xorg-libxtst=1.2.5=hb9d3cd8_3
  - xorg-libxxf86vm=1.1.6=hb9d3cd8_0
  - xyzservices=2025.4.0=pyhd8ed1ab_0
  - yaml=0.2.5=h280c20c_3
  - yarl=1.20.1=py312h178313f_0
  - yte=1.8.1=pyha770c72_0
  - zeromq=4.3.5=h387f397_9
  - zict=3.0.0=pyhd8ed1ab_1
  - zipp=3.23.0=pyhd8ed1ab_0
  - zlib=1.3.1=hb9d3cd8_2
  - zlib-ng=2.2.5=hde8ca8f_0
  - zstandard=0.25.0=py312h5253ce2_0
  - zstd=1.5.7=hb8e6e7a_2
  - pip:
      - gurobipy == 12.0.3 --hash=sha256:b3f971caf270f671b6ffcf5b937b3c0430a5264b0f01529dc8681d61c221f215
      - ply == 3.11 --hash=sha256:096f9b8350b65ebd2fd1346b12452efe5b9607f7482813ffca50c22722a807ce
      - pyomo == 6.9.4 --hash=sha256:ddd48dec34b270ca2621863a216c4f3a6fcc409db86a7dc34c31eb788a44b8c6
      - tsam == 2.3.9 --hash=sha256:edcc4febb9e1dacc028bc819d710974ede8f563467c3d235a250f46416f93a1b
