# Generated by conda-lock.
# platform: osx-64
# input_hash: 0d6616deb4e2a70534db6cb3d7230b8d2578c0b72223b08191a9c7abca28e6e4

channels:
  - conda-forge
  - bioconda
name: pypsa-eur
dependencies:
  - _python_abi3_support=1.0=hd8ed1ab_2
  - adwaita-icon-theme=49.0=unix_0
  - affine=2.4.0=pyhd8ed1ab_1
  - aiohappyeyeballs=2.6.1=pyhd8ed1ab_0
  - aiohttp=3.13.0=py312h1f380a0_0
  - aiosignal=1.4.0=pyhd8ed1ab_0
  - ampl-asl=1.0.0=h240833e_2
  - amply=0.1.6=pyhd8ed1ab_1
  - annotated-types=0.7.0=pyhd8ed1ab_1
  - anyio=4.11.0=pyhcf101f3_0
  - appdirs=1.4.4=pyhd8ed1ab_1
  - appnope=0.1.4=pyhd8ed1ab_1
  - arcosparse=0.4.2=pyhd8ed1ab_0
  - argon2-cffi=25.1.0=pyhd8ed1ab_0
  - argon2-cffi-bindings=25.1.0=py312h80b0991_1
  - argparse-dataclass=2.0.0=pyhd8ed1ab_0
  - arrow=1.4.0=pyhcf101f3_0
  - astroid=4.0.1=py312hb401068_0
  - asttokens=2.4.1=pyhd8ed1ab_0
  - async-lru=2.0.5=pyh29332c3_0
  - atk-1.0=2.38.0=h4bec284_2
  - atlite=0.4.1=pyhd8ed1ab_1
  - attrs=25.4.0=pyh71513ae_0
  - aws-c-auth=0.9.1=h2e727e9_3
  - aws-c-cal=0.9.2=h6f29d6d_1
  - aws-c-common=0.12.4=h1c43f85_0
  - aws-c-compression=0.3.1=h7a4e982_6
  - aws-c-event-stream=0.5.6=hfc6d359_3
  - aws-c-http=0.10.4=h892fe1a_3
  - aws-c-io=0.22.0=h5c36c82_1
  - aws-c-mqtt=0.13.3=h04ed212_6
  - aws-c-s3=0.8.6=h19e4261_5
  - aws-c-sdkutils=0.2.4=h7a4e982_1
  - aws-checksums=0.2.7=h7a4e982_2
  - aws-crt-cpp=0.34.4=h3f46267_0
  - aws-sdk-cpp=1.11.606=hda6ec86_4
  - azure-core-cpp=1.16.0=he2a98a9_1
  - azure-identity-cpp=1.12.0=hc0a8a32_0
  - azure-storage-blobs-cpp=12.14.0=hb076ce7_1
  - azure-storage-common-cpp=12.10.0=h18ceab9_2
  - azure-storage-files-datalake-cpp=12.12.0=h8df8335_3
  - babel=2.17.0=pyhd8ed1ab_0
  - beautifulsoup4=4.14.2=pyha770c72_0
  - bleach=6.2.0=pyh29332c3_4
  - bleach-with-css=6.2.0=h82add2a_4
  - blinker=1.9.0=pyhff2d567_0
  - blosc=1.21.6=hd145fbb_1
  - bokeh=3.8.0=pyhd8ed1ab_0
  - boto3=1.40.58=pyhd8ed1ab_0
  - botocore=1.40.58=pyhd8ed1ab_0
  - bottleneck=1.6.0=py312h391ab28_1
  - branca=0.8.2=pyhd8ed1ab_0
  - brotli=1.1.0=h1c43f85_4
  - brotli-bin=1.1.0=h1c43f85_4
  - brotli-python=1.1.0=py312h462f358_4
  - bzip2=1.0.8=h500dc9f_8
  - c-ares=1.34.5=hf13058a_0
  - c-blosc2=2.21.3=h415348b_0
  - ca-certificates=2025.10.5=hbd8a1cb_0
  - cached-property=1.5.2=hd8ed1ab_1
  - cached_property=1.5.2=pyha770c72_1
  - cachetools=6.2.1=pyhd8ed1ab_0
  - cairo=1.18.4=h950ec3b_0
  - cartopy=0.25.0=py312h86abcb1_1
  - cdsapi=0.7.7=pyhd8ed1ab_0
  - certifi=2025.10.5=pyhd8ed1ab_0
  - cffi=2.0.0=py312hf9bc6d9_0
  - cfgrib=0.9.15.1=pyhd8ed1ab_0
  - cfgv=3.3.1=pyhd8ed1ab_1
  - cftime=1.6.4=py312h587b97d_2
  - charset-normalizer=3.4.4=pyhd8ed1ab_0
  - click=8.3.0=pyh707e725_0
  - click-plugins=1.1.1.2=pyhd8ed1ab_0
  - cligj=0.7.2=pyhd8ed1ab_2
  - cloudpickle=3.1.1=pyhd8ed1ab_0
  - coin-or-cbc=2.10.12=h084678f_4
  - coin-or-cgl=0.60.9=hbb40df2_6
  - coin-or-clp=1.17.10=heb008f4_3
  - coin-or-osi=0.108.11=hd53559c_7
  - coin-or-utils=2.11.12=h424655f_6
  - colorama=0.4.6=pyhd8ed1ab_1
  - comm=0.2.3=pyhe01879c_0
  - conda-inject=1.3.2=pyhd8ed1ab_0
  - configargparse=1.7.1=pyhe01879c_0
  - connection_pool=0.0.3=pyhd3deb0d_0
  - contourpy=1.3.3=py312hedd4973_2
  - copernicusmarine=2.2.3=pyhd8ed1ab_0
  - country_converter=1.3.2=pyhd8ed1ab_0
  - cppad=20250000.2=h240833e_0
  - cpython=3.12.12=py312hd8ed1ab_1
  - crc32c=2.8=py312h01f6755_0
  - cryptography=46.0.3=py312hb922d34_0
  - cycler=0.12.1=pyhd8ed1ab_1
  - cytoolz=1.1.0=py312h80b0991_1
  - dask=2025.10.0=pyhcf101f3_0
  - dask-core=2025.10.0=pyhcf101f3_0
  - debugpy=1.8.17=py312hbfd3414_0
  - decorator=5.2.1=pyhd8ed1ab_0
  - defusedxml=0.7.1=pyhd8ed1ab_0
  - deprecated=1.2.18=pyhd8ed1ab_0
  - deprecation=2.1.0=pyh9f0ad1d_0
  - descartes=1.1.0=pyhd8ed1ab_5
  - dill=0.4.0=pyhd8ed1ab_0
  - distlib=0.4.0=pyhd8ed1ab_0
  - distributed=2025.10.0=pyhcf101f3_0
  - docutils=0.22.2=pyhd8ed1ab_0
  - donfig=0.8.1.post1=pyhd8ed1ab_1
  - dpath=2.2.0=pyha770c72_0
  - eccodes=2.42.0=h5fc628f_0
  - ecmwf-datastores-client=0.4.0=pyhd8ed1ab_0
  - entsoe-py=0.7.8=pyhd8ed1ab_0
  - epoxy=1.5.10=h8616949_2
  - et_xmlfile=2.0.0=pyhd8ed1ab_1
  - exceptiongroup=1.3.0=pyhd8ed1ab_0
  - executing=2.2.1=pyhd8ed1ab_0
  - filelock=3.20.0=pyhd8ed1ab_0
  - findlibs=0.1.2=pyhd8ed1ab_0
  - fiona=1.10.1=py312h4bcfd6b_3
  - folium=0.20.0=pyhd8ed1ab_0
  - font-ttf-dejavu-sans-mono=2.37=hab24e00_0
  - font-ttf-inconsolata=3.000=h77eed37_0
  - font-ttf-source-code-pro=2.038=h77eed37_0
  - font-ttf-ubuntu=0.83=h77eed37_3
  - fontconfig=2.15.0=h37eeddb_1
  - fonts-conda-ecosystem=1=0
  - fonts-conda-forge=1=0
  - fonttools=4.60.1=py312hacf3034_0
  - fqdn=1.5.1=pyhd8ed1ab_1
  - freetype=2.14.1=h694c41f_0
  - freexl=2.0.0=h3183152_2
  - fribidi=1.0.16=h8616949_0
  - frozenlist=1.7.0=py312h18bfd43_0
  - fsspec=2025.9.0=pyhd8ed1ab_0
  - gdk-pixbuf=2.42.12=h5720e38_3
  - geographiclib=2.1=pyhd8ed1ab_0
  - geojson=3.2.0=pyhd8ed1ab_0
  - geopandas=1.1.1=pyhd8ed1ab_1
  - geopandas-base=1.1.1=pyha770c72_1
  - geopy=2.4.1=pyhd8ed1ab_2
  - geos=3.13.1=h502464c_0
  - geotiff=1.7.4=h88234f0_2
  - gflags=2.2.2=hac325c4_1005
  - giflib=5.2.2=h10d778d_0
  - gitdb=4.0.12=pyhd8ed1ab_0
  - gitpython=3.1.45=pyhff2d567_0
  - glib-tools=2.84.3=h35d42e9_0
  - glog=0.7.1=h2790a97_0
  - glpk=5.0=h3cb5acd_0
  - gmp=6.3.0=hf036a51_2
  - google-api-core=2.25.2=pyhd8ed1ab_0
  - google-auth=2.41.1=pyhd8ed1ab_0
  - google-cloud-core=2.4.3=pyhd8ed1ab_0
  - google-cloud-storage=3.4.1=pyhd8ed1ab_0
  - google-crc32c=1.7.1=py312h0d55a24_1
  - google-resumable-media=2.7.2=pyhd8ed1ab_2
  - googleapis-common-protos=1.70.0=pyhd8ed1ab_0
  - graphite2=1.3.14=h21dd04a_2
  - graphviz=13.1.2=h42bfd48_0
  - grpcio=1.73.1=py312h53eab48_1
  - gtk3=3.24.43=h70b172e_5
  - gts=0.7.6=h53e17e3_4
  - h11=0.16.0=pyhd8ed1ab_0
  - h2=4.3.0=pyhcf101f3_0
  - h5netcdf=1.7.3=pyhd8ed1ab_0
  - h5py=3.15.1=nompi_py312hcf08926_100
  - harfbuzz=11.4.5=h0ffbb26_0
  - hdf4=4.2.15=h8138101_7
  - hdf5=1.14.6=nompi_hc8237f9_103
  - hicolor-icon-theme=0.17=h694c41f_2
  - highspy=1.11.0=np2py312hf586766_1
  - hpack=4.1.0=pyhd8ed1ab_0
  - httpcore=1.0.9=pyh29332c3_0
  - httpx=0.28.1=pyhd8ed1ab_0
  - humanfriendly=10.0=pyh707e725_8
  - hyperframe=6.1.0=pyhd8ed1ab_0
  - icu=75.1=h120a0e1_0
  - identify=2.6.15=pyhd8ed1ab_0
  - idna=3.11=pyhd8ed1ab_0
  - immutables=0.21=py312h2f459f6_2
  - importlib-metadata=8.7.0=pyhe01879c_1
  - iniconfig=2.3.0=pyhd8ed1ab_0
  - ipopt=3.14.19=h69634d0_1
  - ipykernel=7.0.1=pyh5552912_0
  - ipython=9.6.0=pyhfa0c392_0
  - ipython_genutils=0.2.0=pyhd8ed1ab_2
  - ipython_pygments_lexers=1.1.1=pyhd8ed1ab_0
  - ipywidgets=7.8.5=pyhd8ed1ab_0
  - isoduration=20.11.0=pyhd8ed1ab_1
  - isort=7.0.0=pyhd8ed1ab_0
  - jasper=4.2.8=h9ce442b_0
  - jedi=0.19.2=pyhd8ed1ab_1
  - jinja2=3.1.6=pyhd8ed1ab_0
  - jmespath=1.0.1=pyhd8ed1ab_1
  - joblib=1.5.2=pyhd8ed1ab_0
  - jpype1=1.6.0=py312hedd4973_1
  - json-c=0.18=hc62ec3d_0
  - json5=0.12.1=pyhd8ed1ab_0
  - jsonpointer=3.0.0=py312hb401068_2
  - jsonschema=4.25.1=pyhe01879c_0
  - jsonschema-specifications=2025.9.1=pyhcf101f3_0
  - jsonschema-with-format-nongpl=4.25.1=he01879c_0
  - jupyter=1.1.1=pyhd8ed1ab_1
  - jupyter-lsp=2.3.0=pyhcf101f3_0
  - jupyter_client=8.6.3=pyhd8ed1ab_1
  - jupyter_console=6.6.3=pyhd8ed1ab_1
  - jupyter_core=5.9.1=pyhc90fa1f_0
  - jupyter_events=0.12.0=pyh29332c3_0
  - jupyter_server=2.17.0=pyhcf101f3_0
  - jupyter_server_terminals=0.5.3=pyhd8ed1ab_1
  - jupyterlab=4.4.10=pyhd8ed1ab_0
  - jupyterlab_pygments=0.3.0=pyhd8ed1ab_2
  - jupyterlab_server=2.28.0=pyhcf101f3_0
  - jupyterlab_widgets=1.1.11=pyhd8ed1ab_0
  - kiwisolver=1.4.9=py312hef387a8_1
  - krb5=1.21.3=h37d8d59_0
  - lark=1.3.0=pyhd8ed1ab_0
  - lcms2=2.17=h72f5680_0
  - lerc=4.0.0=hcca01a6_1
  - levenshtein=0.27.1=py312h462f358_1
  - libabseil=20250512.1=cxx17_hfc00f1c_0
  - libaec=1.1.4=ha6bc127_0
  - libarchive=3.8.1=gpl_h9912a37_100
  - libarrow=21.0.0=h3202d62_8_cpu
  - libarrow-acero=21.0.0=h2db2d7d_8_cpu
  - libarrow-compute=21.0.0=h7751554_8_cpu
  - libarrow-dataset=21.0.0=h2db2d7d_8_cpu
  - libarrow-substrait=21.0.0=h4653b8a_8_cpu
  - libblas=3.9.0=37_he492b99_openblas
  - libbrotlicommon=1.1.0=h1c43f85_4
  - libbrotlidec=1.1.0=h1c43f85_4
  - libbrotlienc=1.1.0=h1c43f85_4
  - libcblas=3.9.0=37_h9b27e0a_openblas
  - libcrc32c=1.1.2=he49afe7_0
  - libcurl=8.16.0=h7dd4100_0
  - libcxx=21.1.4=h3d58e20_0
  - libdeflate=1.24=hcc1b750_0
  - libedit=3.1.20250104=pl5321ha958ccf_0
  - libev=4.33=h10d778d_2
  - libevent=2.1.12=ha90c15b_1
  - libexpat=2.7.1=h21dd04a_0
  - libffi=3.4.6=h281671d_1
  - libfreetype=2.14.1=h694c41f_0
  - libfreetype6=2.14.1=h6912278_0
  - libgd=2.3.3=h8555400_11
  - libgdal-core=3.10.3=h55ca5b3_13
  - libgdal-hdf4=3.10.3=h8901399_13
  - libgdal-hdf5=3.10.3=h0a28ed5_13
  - libgdal-netcdf=3.10.3=h0c976dc_13
  - libgfortran=15.2.0=h306097a_1
  - libgfortran5=15.2.0=h336fb69_1
  - libglib=2.84.3=h5fed8df_0
  - libgoogle-cloud=2.39.0=hed66dea_0
  - libgoogle-cloud-storage=2.39.0=h8ac052b_0
  - libgrpc=1.73.1=h451496d_1
  - libhwloc=2.12.1=default_h8c32e24_1000
  - libiconv=1.18=h57a12c2_2
  - libintl=0.25.1=h3184127_1
  - libjpeg-turbo=3.1.0=h6e16a3a_0
  - libkml=1.3.0=h450b6c2_1022
  - liblapack=3.9.0=37_h859234e_openblas
  - liblapacke=3.9.0=37_h94b3770_openblas
  - liblzma=5.8.1=hd471939_2
  - libnetcdf=4.9.2=nompi_h6054f6d_118
  - libnghttp2=1.67.0=h3338091_0
  - libopenblas=0.3.30=openmp_h6006d49_2
  - libopentelemetry-cpp=1.21.0=h7d3f41d_1
  - libopentelemetry-cpp-headers=1.21.0=h694c41f_1
  - libparquet=21.0.0=ha67a804_8_cpu
  - libpng=1.6.50=h84aeda2_1
  - libprotobuf=6.31.1=h03562ea_2
  - libre2-11=2025.08.12=h554ac88_1
  - librsvg=2.58.4=h21a6cfa_3
  - librttopo=1.1.0=hd2ea1e3_18
  - libscotch=7.0.10=int64_hcdc3ddd_1
  - libsodium=1.0.20=hfdf4475_0
  - libspatialite=5.1.0=hf0eb338_14
  - libsqlite=3.50.4=h39a8b3b_0
  - libssh2=1.11.1=hed3591d_0
  - libthrift=0.22.0=h687e942_1
  - libtiff=4.7.1=haa3b502_0
  - libutf8proc=2.11.0=h64b4c5c_0
  - libwebp-base=1.6.0=hb807250_0
  - libxcb=1.17.0=hf1f96e2_0
  - libxml2=2.13.8=he1bc88e_1
  - libxslt=1.1.43=h59ddae0_0
  - libzip=1.11.2=h31df5bb_0
  - libzlib=1.3.1=hd23fc13_2
  - linopy=0.5.7=pyhd8ed1ab_0
  - llvm-openmp=21.1.4=h472b3d1_0
  - locket=1.0.0=pyhd8ed1ab_0
  - lxml=6.0.2=py312hb60217b_0
  - lz4=4.4.4=py312he31b9f6_1
  - lz4-c=1.10.0=h240833e_1
  - lzo=2.10=h4132b18_1002
  - mapclassify=2.10.0=pyhd8ed1ab_1
  - markupsafe=3.0.3=py312hacf3034_0
  - matplotlib=3.10.7=py312hb401068_0
  - matplotlib-base=3.10.7=py312h7894933_0
  - matplotlib-inline=0.2.1=pyhd8ed1ab_0
  - mccabe=0.7.0=pyhd8ed1ab_1
  - memory_profiler=0.61.0=pyhd8ed1ab_1
  - metis=5.1.0=h3023b02_1007
  - minizip=4.0.10=hfb7a1ec_0
  - mistune=3.1.4=pyhcf101f3_0
  - mpfr=4.2.1=haed47dc_3
  - msgpack-python=1.1.2=py312hd099df3_0
  - multidict=6.6.3=py312h6f3313d_0
  - multiurl=0.3.7=pyhd8ed1ab_0
  - mumps-include=5.8.1=hc797fd9_4
  - mumps-seq=5.8.1=h28c60b8_4
  - munkres=1.1.4=pyhd8ed1ab_1
  - narwhals=2.9.0=pyhcf101f3_0
  - nbclient=0.10.2=pyhd8ed1ab_0
  - nbconvert-core=7.16.6=pyhcf101f3_1
  - nbformat=5.10.4=pyhd8ed1ab_1
  - ncurses=6.5=h0622a9a_3
  - nest-asyncio=1.6.0=pyhd8ed1ab_1
  - netcdf4=1.7.2=nompi_py312h5646c37_103
  - networkx=3.5=pyhe01879c_0
  - nlohmann_json=3.12.0=h53ec75d_1
  - nodeenv=1.9.1=pyhd8ed1ab_1
  - notebook=7.4.7=pyhd8ed1ab_0
  - notebook-shim=0.2.4=pyhd8ed1ab_1
  - numcodecs=0.16.1=py312h86abcb1_2
  - numexpr=2.14.1=py312hd12f69b_0
  - numpy=1.26.4=py312he3a82b2_0
  - oauthlib=3.3.1=pyhd8ed1ab_0
  - openjpeg=2.5.4=h87e8dc5_0
  - openpyxl=3.1.5=py312hc14bf67_2
  - openssl=3.5.4=h230baf5_0
  - orc=2.2.1=hd1b02dc_0
  - overrides=7.7.0=pyhd8ed1ab_1
  - packaging=25.0=pyh29332c3_1
  - pandas=2.3.3=py312h86abcb1_1
  - pandocfilters=1.5.0=pyhd8ed1ab_0
  - pango=1.56.4=h6ef8af8_0
  - parso=0.8.5=pyhcf101f3_0
  - partd=1.4.2=pyhd8ed1ab_0
  - patsy=1.0.2=pyhcf101f3_0
  - pcre2=10.45=hf733adb_0
  - pexpect=4.9.0=pyhd8ed1ab_1
  - pickleshare=0.7.5=pyhd8ed1ab_1004
  - pillow=11.3.0=py312h051e184_3
  - pip=25.2=pyh8b19718_0
  - pixman=0.46.4=ha059160_1
  - plac=1.4.5=pyhd8ed1ab_0
  - platformdirs=4.5.0=pyhcf101f3_0
  - plotly=6.3.1=pyhd8ed1ab_0
  - pluggy=1.6.0=pyhd8ed1ab_0
  - polars=1.34.0=pyh6a1acc5_0
  - polars-runtime-32=1.34.0=py310hfb6bc98_0
  - powerplantmatching=0.7.1=pyhd8ed1ab_0
  - pre-commit=4.3.0=pyha770c72_0
  - progressbar2=4.5.0=pyhd8ed1ab_1
  - proj=9.6.2=h8462e38_2
  - prometheus-cpp=1.3.0=h7802330_0
  - prometheus_client=0.23.1=pyhd8ed1ab_0
  - prompt-toolkit=3.0.52=pyha770c72_0
  - prompt_toolkit=3.0.52=hd8ed1ab_0
  - propcache=0.3.1=py312h3520af0_0
  - proto-plus=1.26.1=pyhd8ed1ab_0
  - protobuf=6.31.1=py312h457ac99_2
  - psutil=7.1.1=py312h80b0991_0
  - pthread-stubs=0.4=h00291cd_1002
  - ptyprocess=0.7.0=pyhd8ed1ab_1
  - pulp=2.8.0=py312hda2ad9a_3
  - pure_eval=0.2.3=pyhd8ed1ab_1
  - py-cpuinfo=9.0.0=pyhd8ed1ab_1
  - pyarrow=21.0.0=py312hb401068_1
  - pyarrow-core=21.0.0=py312hefc66a4_1_cpu
  - pyasn1=0.6.1=pyhd8ed1ab_2
  - pyasn1-modules=0.4.2=pyhd8ed1ab_0
  - pycountry=24.6.1=pyhd8ed1ab_0
  - pycparser=2.22=pyh29332c3_1
  - pydantic=2.12.3=pyh3cfb1c2_0
  - pydantic-core=2.41.4=py312h8a6388b_0
  - pydeck=0.9.1=pyhd8ed1ab_0
  - pygments=2.19.2=pyhd8ed1ab_0
  - pyjwt=2.10.1=pyhd8ed1ab_0
  - pylint=4.0.2=pyhcf101f3_0
  - pyobjc-core=12.0=py312he280c8a_0
  - pyobjc-framework-cocoa=12.0=py312h46f5710_0
  - pyogrio=0.11.0=py312h4bcfd6b_0
  - pyopenssl=25.3.0=pyhd8ed1ab_0
  - pyparsing=3.2.5=pyhcf101f3_0
  - pyproj=3.7.2=py312hb613793_1
  - pypsa=1.0.2=pyhd8ed1ab_0
  - pyscipopt=5.6.0=py312h462f358_1
  - pyshp=3.0.2=pyhd8ed1ab_0
  - pysocks=1.7.1=pyha55dd90_7
  - pystac=1.14.1=pyhd8ed1ab_0
  - pytables=3.10.2=py312he4c742b_9
  - pytest=8.4.2=pyhd8ed1ab_0
  - python=3.12.12=h3999593_0_cpython
  - python-dateutil=2.9.0.post0=pyhe01879c_2
  - python-eccodes=2.42.0=py312h391ab28_0
  - python-fastjsonschema=2.21.2=pyhe01879c_0
  - python-gil=3.12.12=hd8ed1ab_1
  - python-json-logger=2.0.7=pyhd8ed1ab_0
  - python-tzdata=2025.2=pyhd8ed1ab_0
  - python-utils=3.9.1=pyhff2d567_1
  - python_abi=3.12=8_cp312
  - pytz=2025.2=pyhd8ed1ab_0
  - pyu2f=0.1.5=pyhd8ed1ab_1
  - pyxlsb=1.0.10=pyhd8ed1ab_0
  - pyyaml=6.0.3=py312hacf3034_0
  - pyzmq=27.1.0=py312hb7d603e_0
  - qhull=2020.2=h3c5361c_5
  - rapidfuzz=3.14.1=py312h69bf00f_0
  - rasterio=1.4.3=py312h2efda69_2
  - re2=2025.08.12=h7df6414_1
  - readline=8.2=h7cca4af_2
  - referencing=0.37.0=pyhcf101f3_0
  - requests=2.32.5=pyhd8ed1ab_0
  - requests-oauthlib=1.4.0=pyhd8ed1ab_0
  - reretry=0.11.8=pyhd8ed1ab_1
  - rfc3339-validator=0.1.4=pyhd8ed1ab_1
  - rfc3986-validator=0.1.1=pyh9f0ad1d_0
  - rfc3987-syntax=1.1.0=pyhe01879c_1
  - rioxarray=0.19.0=pyhd8ed1ab_0
  - rpds-py=0.28.0=py312h8a6388b_1
  - rsa=4.9.1=pyhd8ed1ab_0
  - ruff=0.14.2=hba89d1c_0
  - s3transfer=0.14.0=pyhd8ed1ab_0
  - scikit-learn=1.7.2=py312hfee4f84_0
  - scip=9.2.4=h33bae0e_0
  - scipy=1.16.2=py312he2acf2f_0
  - seaborn=0.13.2=hd8ed1ab_3
  - seaborn-base=0.13.2=pyhd8ed1ab_3
  - semver=3.0.4=pyhd8ed1ab_0
  - send2trash=1.8.3=pyh31c8845_1
  - setuptools=80.9.0=pyhff2d567_0
  - shapely=2.0.7=py312hbf10b29_1
  - six=1.17.0=pyhe01879c_1
  - smart_open=7.4.1=pyhcf101f3_0
  - smmap=5.0.2=pyhd8ed1ab_0
  - snakemake-executor-plugin-cluster-generic=1.0.9=pyhdfd78af_0
  - snakemake-executor-plugin-slurm=1.8.0=pyhdfd78af_0
  - snakemake-executor-plugin-slurm-jobstep=0.3.0=pyhdfd78af_0
  - snakemake-interface-common=1.22.0=pyhd4c3c12_0
  - snakemake-interface-executor-plugins=9.3.9=pyhdfd78af_0
  - snakemake-interface-logger-plugins=1.2.4=pyhdfd78af_0
  - snakemake-interface-report-plugins=1.2.0=pyhdfd78af_0
  - snakemake-interface-scheduler-plugins=2.0.2=pyhd4c3c12_0
  - snakemake-interface-storage-plugins=4.2.3=pyhd4c3c12_0
  - snakemake-minimal=9.13.4=pyhdfd78af_0
  - snakemake-storage-plugin-http=0.3.0=pyhdfd78af_0
  - snappy=1.2.2=h25c286d_0
  - sniffio=1.3.1=pyhd8ed1ab_1
  - snuggs=1.4.7=pyhd8ed1ab_2
  - sortedcontainers=2.4.0=pyhd8ed1ab_1
  - soupsieve=2.8=pyhd8ed1ab_0
  - sqlite=3.50.4=h64b5abc_0
  - stack_data=0.6.3=pyhd8ed1ab_1
  - statsmodels=0.14.5=py312h391ab28_1
  - tabulate=0.9.0=pyhd8ed1ab_2
  - tbb=2022.2.0=hc025b3e_1
  - tblib=3.1.0=pyhd8ed1ab_0
  - tenacity=9.1.2=pyhd8ed1ab_0
  - terminado=0.18.1=pyh31c8845_0
  - threadpoolctl=3.6.0=pyhecae5ae_0
  - throttler=1.2.2=pyhd8ed1ab_0
  - tinycss2=1.4.0=pyhd8ed1ab_0
  - tk=8.6.13=hf689a15_2
  - tomli=2.3.0=pyhcf101f3_0
  - tomlkit=0.13.3=pyha770c72_0
  - toolz=1.1.0=pyhd8ed1ab_1
  - tornado=6.5.2=py312h2f459f6_1
  - tqdm=4.67.1=pyhd8ed1ab_1
  - traitlets=5.14.3=pyhd8ed1ab_1
  - typing-extensions=4.15.0=h396c80c_0
  - typing-inspection=0.4.2=pyhd8ed1ab_0
  - typing_extensions=4.15.0=pyhcf101f3_0
  - typing_utils=0.1.0=pyhd8ed1ab_1
  - tzdata=2025b=h78e105d_0
  - ukkonen=1.0.1=py312hc5c4d5f_5
  - unicodedata2=16.0.0=py312h2f459f6_1
  - unidecode=1.3.8=pyh29332c3_1
  - uri-template=1.3.0=pyhd8ed1ab_1
  - uriparser=0.9.8=h6aefe2f_0
  - urllib3=2.5.0=pyhd8ed1ab_0
  - validators=0.35.0=pyhd8ed1ab_0
  - virtualenv=20.35.3=pyhd8ed1ab_0
  - wcwidth=0.2.14=pyhd8ed1ab_0
  - webcolors=24.11.1=pyhd8ed1ab_0
  - webencodings=0.5.1=pyhd8ed1ab_3
  - websocket-client=1.9.0=pyhd8ed1ab_0
  - wheel=0.45.1=pyhd8ed1ab_1
  - widgetsnbextension=3.6.10=pyhd8ed1ab_0
  - wrapt=1.17.3=py312h2f459f6_1
  - xarray=2025.6.1=pyhd8ed1ab_1
  - xerces-c=3.2.5=h197e74d_2
  - xlrd=2.0.2=pyhd8ed1ab_0
  - xorg-libxau=1.0.12=h6e16a3a_0
  - xorg-libxdmcp=1.1.5=h00291cd_0
  - xyzservices=2025.4.0=pyhd8ed1ab_0
  - yaml=0.2.5=h4132b18_3
  - yarl=1.20.1=py312h3520af0_0
  - yte=1.8.1=pyha770c72_0
  - zarr=3.1.3=pyhcf101f3_0
  - zeromq=4.3.5=h6c33b1e_9
  - zict=3.0.0=pyhd8ed1ab_1
  - zipp=3.23.0=pyhd8ed1ab_0
  - zlib=1.3.1=hd23fc13_2
  - zlib-ng=2.2.5=he7f0fdc_0
  - zstandard=0.25.0=py312h01f6755_0
  - zstd=1.5.7=h8210216_2
  - pip:
      - gurobipy == 12.0.3 --hash=sha256:020f23277f630e079eac114385eabd1bd9fb4ac22f8796ed5ba6d915ce4f141b
      - ply == 3.11 --hash=sha256:096f9b8350b65ebd2fd1346b12452efe5b9607f7482813ffca50c22722a807ce
      - pyomo == 6.9.5 --hash=sha256:549ee4226cab6e2ff6efe5b3b9891ce1dfd866d38a024715315ea850fa1bf0ec
      - tsam == 2.3.9 --hash=sha256:edcc4febb9e1dacc028bc819d710974ede8f563467c3d235a250f46416f93a1b
