# SPDX-FileCopyrightText: Contributors to PyPSA-Eur <https://github.com/pypsa/pypsa-eur>
# SPDX-License-Identifier: CC0-1.0

# Generated by conda-lock.
# platform: win-64
# input_hash: 5fa1c1561f9e1cd73a857edbd8df0e226e5690d856ad14b1bf17f2c454b734e5

name: pypsa-eur
channels:
  - conda-forge
  - bioconda
dependencies:
  - _openmp_mutex=4.5=2_gnu
  - _python_abi3_support=1.0=hd8ed1ab_2
  - affine=2.4.0=pyhd8ed1ab_1
  - ampl-asl=1.0.0=he0c23c2_2
  - amply=0.1.6=pyhd8ed1ab_1
  - anyio=4.9.0=pyh29332c3_0
  - appdirs=1.4.4=pyhd8ed1ab_1
  - argon2-cffi=25.1.0=pyhd8ed1ab_0
  - argon2-cffi-bindings=21.2.0=py312h4389bb4_5
  - argparse-dataclass=2.0.0=pyhd8ed1ab_0
  - arrow=1.3.0=pyhd8ed1ab_1
  - astroid=3.3.10=py312h2e8e312_0
  - asttokens=3.0.0=pyhd8ed1ab_1
  - async-lru=2.0.5=pyh29332c3_0
  - atlite=0.4.1=pyhd8ed1ab_0
  - attrs=25.3.0=pyh71513ae_0
  - aws-c-auth=0.9.0=hd490b63_15
  - aws-c-cal=0.9.2=hd8a8e38_0
  - aws-c-common=0.12.3=h2466b09_0
  - aws-c-compression=0.3.1=h5d0e663_5
  - aws-c-event-stream=0.5.4=ha416645_12
  - aws-c-http=0.10.2=h81282ae_2
  - aws-c-io=0.20.1=hddf4d6c_0
  - aws-c-mqtt=0.13.1=h5c1ae27_3
  - aws-c-s3=0.8.1=h1e843c7_3
  - aws-c-sdkutils=0.2.4=h5d0e663_0
  - aws-checksums=0.2.7=h5d0e663_1
  - aws-crt-cpp=0.32.8=h5d81255_6
  - aws-sdk-cpp=1.11.510=h7deb975_10
  - babel=2.17.0=pyhd8ed1ab_0
  - beautifulsoup4=4.13.4=pyha770c72_0
  - bleach=6.2.0=pyh29332c3_4
  - bleach-with-css=6.2.0=h82add2a_4
  - blinker=1.9.0=pyhff2d567_0
  - blosc=1.21.6=hfd34d9b_1
  - bokeh=3.7.3=pyhd8ed1ab_0
  - bottleneck=1.5.0=py312h1a27103_0
  - branca=0.8.1=pyhd8ed1ab_0
  - brotli=1.1.0=h2466b09_3
  - brotli-bin=1.1.0=h2466b09_3
  - brotli-python=1.1.0=py312h275cf98_3
  - bzip2=1.0.8=h2466b09_7
  - c-ares=1.34.5=h2466b09_0
  - c-blosc2=2.18.0=h9e57077_0
  - ca-certificates=2025.6.15=h4c7d964_0
  - cached-property=1.5.2=hd8ed1ab_1
  - cached_property=1.5.2=pyha770c72_1
  - cairo=1.18.4=h5782bbf_0
  - cartopy=0.24.0=py312h72972c8_0
  - cdsapi=0.7.6=pyhd8ed1ab_0
  - certifi=2025.6.15=pyhd8ed1ab_0
  - cffi=1.17.1=py312h4389bb4_0
  - cfgv=3.3.1=pyhd8ed1ab_1
  - cftime=1.6.4=py312h1a27103_1
  - charset-normalizer=3.4.2=pyhd8ed1ab_0
  - click=8.2.1=pyh7428d3b_0
  - click-plugins=1.1.1=pyhd8ed1ab_1
  - cligj=0.7.2=pyhd8ed1ab_2
  - cloudpickle=3.1.1=pyhd8ed1ab_0
  - coin-or-cbc=2.10.12=h1c9cd67_2
  - coin-or-cgl=0.60.9=h8aa12e5_4
  - coin-or-clp=1.17.10=ha4dcb5c_1
  - coin-or-osi=0.108.11=h7d32387_4
  - coin-or-utils=2.11.12=hf90b928_2
  - colorama=0.4.6=pyhd8ed1ab_1
  - comm=0.2.2=pyhd8ed1ab_1
  - conda-inject=1.3.2=pyhd8ed1ab_0
  - configargparse=1.7.1=pyhe01879c_0
  - connection_pool=0.0.3=pyhd3deb0d_0
  - contourpy=1.3.2=py312hd5eb7cc_0
  - country_converter=1.2=pyhd8ed1ab_0
  - cppad=20250000.2=he0c23c2_0
  - cpython=3.12.11=py312hd8ed1ab_0
  - cryptography=45.0.4=py312h9500af3_0
  - cycler=0.12.1=pyhd8ed1ab_1
  - cytoolz=1.0.1=py312h4389bb4_0
  - dask=2025.5.1=pyhd8ed1ab_0
  - dask-core=2025.5.1=pyhd8ed1ab_0
  - debugpy=1.8.14=py312h275cf98_0
  - decorator=5.2.1=pyhd8ed1ab_0
  - defusedxml=0.7.1=pyhd8ed1ab_0
  - deprecation=2.1.0=pyh9f0ad1d_0
  - descartes=1.1.0=pyhd8ed1ab_5
  - dill=0.4.0=pyhd8ed1ab_0
  - distlib=0.3.9=pyhd8ed1ab_1
  - distributed=2025.5.1=pyhd8ed1ab_0
  - docutils=0.21.2=pyhd8ed1ab_1
  - double-conversion=3.3.1=he0c23c2_0
  - dpath=2.2.0=pyha770c72_0
  - ecmwf-datastores-client=0.2.0=pyhd8ed1ab_0
  - entsoe-py=0.6.19=pyhd8ed1ab_0
  - et_xmlfile=2.0.0=pyhd8ed1ab_1
  - exceptiongroup=1.3.0=pyhd8ed1ab_0
  - executing=2.2.0=pyhd8ed1ab_0
  - filelock=3.18.0=pyhd8ed1ab_0
  - fiona=1.10.1=py312h6e88f47_3
  - folium=0.20.0=pyhd8ed1ab_0
  - font-ttf-dejavu-sans-mono=2.37=hab24e00_0
  - font-ttf-inconsolata=3.000=h77eed37_0
  - font-ttf-source-code-pro=2.038=h77eed37_0
  - font-ttf-ubuntu=0.83=h77eed37_3
  - fontconfig=2.15.0=h765892d_1
  - fonts-conda-ecosystem=1=0
  - fonts-conda-forge=1=0
  - fonttools=4.58.4=py312h31fea79_0
  - fqdn=1.5.1=pyhd8ed1ab_1
  - freetype=2.13.3=h57928b3_1
  - freexl=2.0.0=hf297d47_2
  - fribidi=1.0.10=h8d14728_0
  - fsspec=2025.5.1=pyhd8ed1ab_0
  - geographiclib=2.0=pyhd8ed1ab_1
  - geojson=3.2.0=pyhd8ed1ab_0
  - geopandas=1.1.0=pyhd8ed1ab_0
  - geopandas-base=1.1.0=pyha770c72_0
  - geopy=2.4.1=pyhd8ed1ab_2
  - geos=3.13.1=h9ea8674_0
  - geotiff=1.7.4=h86c3423_2
  - getopt-win32=0.1=h6a83c73_2
  - gitdb=4.0.12=pyhd8ed1ab_0
  - gitpython=3.1.44=pyhff2d567_0
  - glpk=5.0=h8ffe710_0
  - gmp=6.3.0=hfeafd45_2
  - graphite2=1.3.14=he0c23c2_0
  - graphviz=13.0.1=ha5e8f4b_0
  - gts=0.7.6=h6b5321d_4
  - h11=0.16.0=pyhd8ed1ab_0
  - h2=4.2.0=pyhd8ed1ab_0
  - harfbuzz=11.2.1=h8796e6f_0
  - hdf4=4.2.15=h5557f11_7
  - hdf5=1.14.6=nompi_hd5d9e70_101
  - highspy=1.11.0=np20py312h21a228a_0
  - hpack=4.1.0=pyhd8ed1ab_0
  - httpcore=1.0.9=pyh29332c3_0
  - httpx=0.28.1=pyhd8ed1ab_0
  - humanfriendly=10.0=pyh7428d3b_8
  - hyperframe=6.1.0=pyhd8ed1ab_0
  - icu=75.1=he0c23c2_0
  - identify=2.6.12=pyhd8ed1ab_0
  - idna=3.10=pyhd8ed1ab_1
  - immutables=0.21=py312h4389bb4_1
  - importlib-metadata=8.7.0=pyhe01879c_1
  - importlib_resources=6.5.2=pyhd8ed1ab_0
  - iniconfig=2.0.0=pyhd8ed1ab_1
  - intel-openmp=2024.2.1=h57928b3_1083
  - ipopt=3.14.17=h812a801_2
  - ipykernel=6.29.5=pyh4bbf305_0
  - ipython=9.3.0=pyh6be1c34_0
  - ipython_pygments_lexers=1.1.1=pyhd8ed1ab_0
  - ipywidgets=8.1.7=pyhd8ed1ab_0
  - isoduration=20.11.0=pyhd8ed1ab_1
  - isort=6.0.1=pyhd8ed1ab_1
  - jedi=0.19.2=pyhd8ed1ab_1
  - jinja2=3.1.6=pyhd8ed1ab_0
  - joblib=1.5.1=pyhd8ed1ab_0
  - jpype1=1.5.2=py312hd5eb7cc_0
  - json5=0.12.0=pyhd8ed1ab_0
  - jsonpointer=3.0.0=py312h2e8e312_1
  - jsonschema=4.24.0=pyhd8ed1ab_0
  - jsonschema-specifications=2025.4.1=pyh29332c3_0
  - jsonschema-with-format-nongpl=4.24.0=hd8ed1ab_0
  - jupyter=1.1.1=pyhd8ed1ab_1
  - jupyter-lsp=2.2.5=pyhe01879c_2
  - jupyter_client=8.6.3=pyhd8ed1ab_1
  - jupyter_console=6.6.3=pyhd8ed1ab_1
  - jupyter_core=5.8.1=pyh5737063_0
  - jupyter_events=0.12.0=pyh29332c3_0
  - jupyter_server=2.16.0=pyhe01879c_0
  - jupyter_server_terminals=0.5.3=pyhd8ed1ab_1
  - jupyterlab=4.4.3=pyhd8ed1ab_0
  - jupyterlab_pygments=0.3.0=pyhd8ed1ab_2
  - jupyterlab_server=2.27.3=pyhd8ed1ab_1
  - jupyterlab_widgets=3.0.15=pyhd8ed1ab_0
  - kiwisolver=1.4.8=py312hc790b64_0
  - krb5=1.21.3=hdf4eb48_0
  - lcms2=2.17=hbcf6048_0
  - lerc=4.0.0=h6470a55_1
  - libabseil=20250127.1=cxx17_h4eb7d71_0
  - libaec=1.1.4=h20038f6_0
  - libarchive=3.8.1=gpl_h1ca5a36_100
  - libarrow=20.0.0=hc090743_7_cpu
  - libarrow-acero=20.0.0=h7d8d6a5_7_cpu
  - libarrow-dataset=20.0.0=h7d8d6a5_7_cpu
  - libarrow-substrait=20.0.0=hb76e781_7_cpu
  - libblas=3.9.0=32_h641d27c_mkl
  - libboost=1.86.0=hb0986bb_3
  - libbrotlicommon=1.1.0=h2466b09_3
  - libbrotlidec=1.1.0=h2466b09_3
  - libbrotlienc=1.1.0=h2466b09_3
  - libcblas=3.9.0=32_h5e41251_mkl
  - libclang13=20.1.7=default_h6e92b77_0
  - libcrc32c=1.1.2=h0e60522_0
  - libcurl=8.14.1=h88aaa65_0
  - libdeflate=1.24=h76ddb4d_0
  - libevent=2.1.12=h3671451_1
  - libexpat=2.7.0=he0c23c2_0
  - libffi=3.4.6=h537db12_1
  - libfreetype=2.13.3=h57928b3_1
  - libfreetype6=2.13.3=h0b5ce68_1
  - libgcc=15.1.0=h1383e82_2
  - libgd=2.3.3=h7208af6_11
  - libgdal-core=3.10.3=h7d16cc0_11
  - libgdal-hdf4=3.10.3=h0de24e7_11
  - libgdal-hdf5=3.10.3=h527b061_11
  - libgdal-netcdf=3.10.3=h1b8416b_11
  - libglib=2.84.2=hbc94333_0
  - libgomp=15.1.0=h1383e82_2
  - libgoogle-cloud=2.36.0=hf249c01_1
  - libgoogle-cloud-storage=2.36.0=he5eb982_1
  - libgrpc=1.71.0=h8c3449c_1
  - libhwloc=2.11.2=default_ha69328c_1001
  - libiconv=1.18=h135ad9c_1
  - libintl=0.22.5=h5728263_3
  - libjpeg-turbo=3.1.0=h2466b09_0
  - libkml=1.3.0=h538826c_1021
  - liblapack=3.9.0=32_h1aa476e_mkl
  - liblzma=5.8.1=h2466b09_2
  - libnetcdf=4.9.2=nompi_he045f6b_117
  - libparquet=20.0.0=ha850022_7_cpu
  - libpng=1.6.49=h7a4582a_0
  - libprotobuf=5.29.3=he9d8c4a_1
  - libre2-11=2024.07.02=hd248061_3
  - librttopo=1.1.0=hbfc9ebc_18
  - libsodium=1.0.20=hc70643c_0
  - libspatialite=5.1.0=h378fb81_14
  - libsqlite=3.50.1=h053a19d_4
  - libssh2=1.11.1=h9aa295b_0
  - libthrift=0.21.0=hbe90ef8_0
  - libtiff=4.7.0=h05922d8_5
  - libutf8proc=2.10.0=hff4702e_0
  - libwebp-base=1.5.0=h3b0e114_0
  - libwinpthread=12.0.0.r4.gg4f2fc60ca=h57928b3_9
  - libxcb=1.17.0=h0e4246c_0
  - libxml2=2.13.8=h442d1da_0
  - libxslt=1.1.39=h3df6e99_0
  - libzip=1.11.2=h3135430_0
  - libzlib=1.3.1=h2466b09_2
  - linopy=0.5.5=pyhd8ed1ab_0
  - llvm-openmp=20.1.7=h30eaf37_0
  - locket=1.0.0=pyhd8ed1ab_0
  - lxml=5.4.0=py312hef2e38f_0
  - lz4=4.4.4=py312h032eceb_0
  - lz4-c=1.10.0=h2466b09_1
  - lzo=2.10=hcfcfb64_1001
  - mapclassify=2.9.0=pyhd8ed1ab_0
  - markupsafe=3.0.2=py312h31fea79_1
  - matplotlib=3.10.3=py312h2e8e312_0
  - matplotlib-base=3.10.3=py312h90004f6_0
  - matplotlib-inline=0.1.7=pyhd8ed1ab_1
  - mccabe=0.7.0=pyhd8ed1ab_1
  - memory_profiler=0.61.0=pyhd8ed1ab_1
  - minizip=4.0.10=h9fa1bad_0
  - mistune=3.1.3=pyh29332c3_0
  - mkl=2024.2.2=h66d3029_15
  - mkl-include=2024.2.2=h66d3029_15
  - mkl-static=2024.2.2=h66d3029_15
  - mpfr=4.2.1=hbc20e70_3
  - msgpack-python=1.1.1=py312hd5eb7cc_0
  - multiurl=0.3.5=pyhd8ed1ab_0
  - mumps-seq=5.7.3=hbaa6519_10
  - munkres=1.1.4=pyhd8ed1ab_1
  - narwhals=1.43.1=pyhe01879c_0
  - nbclient=0.10.2=pyhd8ed1ab_0
  - nbconvert-core=7.16.6=pyh29332c3_0
  - nbformat=5.10.4=pyhd8ed1ab_1
  - nest-asyncio=1.6.0=pyhd8ed1ab_1
  - netcdf4=1.7.2=nompi_py312hf8617a8_102
  - networkx=3.5=pyhe01879c_0
  - nodeenv=1.9.1=pyhd8ed1ab_1
  - notebook=7.4.3=pyhd8ed1ab_0
  - notebook-shim=0.2.4=pyhd8ed1ab_1
  - numexpr=2.10.2=mkl_py312h5e4250c_0
  - numpy=1.26.4=py312h8753938_0
  - oauthlib=3.3.1=pyhd8ed1ab_0
  - openjpeg=2.5.3=h4d64b90_0
  - openpyxl=3.1.5=py312he70551f_1
  - openssl=3.5.0=ha4e3fda_1
  - orc=2.1.2=h35764e3_0
  - overrides=7.7.0=pyhd8ed1ab_1
  - packaging=25.0=pyh29332c3_1
  - pandas=2.3.0=py312h72972c8_0
  - pandocfilters=1.5.0=pyhd8ed1ab_0
  - pango=1.56.3=h0c53d3b_1
  - parso=0.8.4=pyhd8ed1ab_1
  - partd=1.4.2=pyhd8ed1ab_0
  - patsy=1.0.1=pyhd8ed1ab_1
  - pcre2=10.45=h99c9b8b_0
  - pickleshare=0.7.5=pyhd8ed1ab_1004
  - pillow=11.2.1=py312h078707f_0
  - pip=25.1.1=pyh8b19718_0
  - pixman=0.46.2=had0cd8c_0
  - pkgutil-resolve-name=1.3.10=pyhd8ed1ab_2
  - plac=1.4.5=pyhd8ed1ab_0
  - platformdirs=4.3.8=pyhe01879c_0
  - plotly=6.1.2=pyhd8ed1ab_0
  - pluggy=1.6.0=pyhd8ed1ab_0
  - polars=1.31.0=default_hc01efcc_0
  - polars-default=1.31.0=py39h4d7386a_0
  - powerplantmatching=0.7.1=pyhd8ed1ab_0
  - pre-commit=4.2.0=pyha770c72_0
  - progressbar2=4.5.0=pyhd8ed1ab_1
  - proj=9.6.2=h4f671f6_0
  - prometheus_client=0.22.1=pyhd8ed1ab_0
  - prompt-toolkit=3.0.51=pyha770c72_0
  - prompt_toolkit=3.0.51=hd8ed1ab_0
  - psutil=7.0.0=py312h4389bb4_0
  - pthread-stubs=0.4=h0e40799_1002
  - pulp=2.8.0=py312he39998a_2
  - pure_eval=0.2.3=pyhd8ed1ab_1
  - py-cpuinfo=9.0.0=pyhd8ed1ab_1
  - pyarrow=20.0.0=py312h2e8e312_0
  - pyarrow-core=20.0.0=py312h6a9c419_0_cpu
  - pycountry=24.6.1=pyhd8ed1ab_0
  - pycparser=2.22=pyh29332c3_1
  - pygments=2.19.2=pyhd8ed1ab_0
  - pyjwt=2.10.1=pyhd8ed1ab_0
  - pylint=3.3.7=pyhe01879c_0
  - pyogrio=0.11.0=py312h6e88f47_0
  - pyparsing=3.2.3=pyhd8ed1ab_1
  - pyproj=3.7.1=py312h5ea471a_1
  - pypsa=0.35.0=pyhd8ed1ab_0
  - pyreadline3=3.5.4=py312h2e8e312_1
  - pyscipopt=5.5.0=py312h275cf98_0
  - pyshp=2.3.1=pyhd8ed1ab_1
  - pyside6=6.9.1=py312h0ba07f7_0
  - pysocks=1.7.1=pyh09c184e_7
  - pytables=3.10.2=py312h5195da4_5
  - pytest=8.4.1=pyhd8ed1ab_0
  - python=3.12.11=h3f84c4b_0_cpython
  - python-dateutil=2.9.0.post0=pyhff2d567_1
  - python-fastjsonschema=2.21.1=pyhd8ed1ab_0
  - python-gil=3.12.11=hd8ed1ab_0
  - python-json-logger=2.0.7=pyhd8ed1ab_0
  - python-tzdata=2025.2=pyhd8ed1ab_0
  - python-utils=3.9.1=pyhff2d567_1
  - python_abi=3.12=7_cp312
  - pytz=2025.2=pyhd8ed1ab_0
  - pywin32=307=py312h275cf98_3
  - pywinpty=2.0.15=py312h275cf98_0
  - pyxlsb=1.0.10=pyhd8ed1ab_0
  - pyyaml=6.0.2=py312h31fea79_2
  - pyzmq=27.0.0=py312hd7027bb_0
  - qhull=2020.2=hc790b64_5
  - qt6-main=6.9.1=h02ddd7d_0
  - rasterio=1.4.3=py312ha172ac9_1
  - re2=2024.07.02=haf4117d_3
  - referencing=0.36.2=pyh29332c3_0
  - requests=2.32.4=pyhd8ed1ab_0
  - requests-oauthlib=1.4.0=pyhd8ed1ab_0
  - reretry=0.11.8=pyhd8ed1ab_1
  - rfc3339-validator=0.1.4=pyhd8ed1ab_1
  - rfc3986-validator=0.1.1=pyh9f0ad1d_0
  - rioxarray=0.19.0=pyhd8ed1ab_0
  - rpds-py=0.25.1=py312h8422cdd_0
  - ruff=0.12.0=py312h24a9d25_0
  - scikit-learn=1.7.0=py312h816cc57_1
  - scip=9.2.2=h3905589_2
  - scipy=1.15.2=py312h451d5c4_0
  - seaborn=0.13.2=hd8ed1ab_3
  - seaborn-base=0.13.2=pyhd8ed1ab_3
  - send2trash=1.8.3=pyh5737063_1
  - setuptools=80.9.0=pyhff2d567_0
  - shapely=2.0.7=py312h3f81574_1
  - six=1.17.0=pyhd8ed1ab_0
  - smart_open=7.1.0=pyhd8ed1ab_0
  - smmap=5.0.2=pyhd8ed1ab_0
  - snakemake-executor-plugin-cluster-generic=1.0.9=pyhdfd78af_0
  - snakemake-executor-plugin-slurm=1.4.0=pyhdfd78af_0
  - snakemake-executor-plugin-slurm-jobstep=0.3.0=pyhdfd78af_0
  - snakemake-interface-common=1.18.0=pyhdfd78af_0
  - snakemake-interface-executor-plugins=9.3.6=pyhdfd78af_0
  - snakemake-interface-logger-plugins=1.2.3=pyhdfd78af_0
  - snakemake-interface-report-plugins=1.1.0=pyhdfd78af_0
  - snakemake-interface-storage-plugins=4.2.1=pyhdfd78af_0
  - snakemake-minimal=9.6.1=pyhdfd78af_0
  - snakemake-storage-plugin-http=0.3.0=pyhdfd78af_0
  - snappy=1.2.1=h500f7fa_1
  - sniffio=1.3.1=pyhd8ed1ab_1
  - snuggs=1.4.7=pyhd8ed1ab_2
  - sortedcontainers=2.4.0=pyhd8ed1ab_1
  - soupsieve=2.7=pyhd8ed1ab_0
  - sqlite=3.50.1=hfd05255_4
  - stack_data=0.6.3=pyhd8ed1ab_1
  - statsmodels=0.14.4=py312h1a27103_0
  - tabulate=0.9.0=pyhd8ed1ab_2
  - tbb=2021.13.0=h62715c5_1
  - tblib=3.1.0=pyhd8ed1ab_0
  - terminado=0.18.1=pyh5737063_0
  - threadpoolctl=3.6.0=pyhecae5ae_0
  - throttler=1.2.2=pyhd8ed1ab_0
  - tinycss2=1.4.0=pyhd8ed1ab_0
  - tk=8.6.13=h2c6b04d_2
  - tomli=2.2.1=pyhd8ed1ab_1
  - tomlkit=0.13.3=pyha770c72_0
  - toolz=1.0.0=pyhd8ed1ab_1
  - tornado=6.5.1=py312h4389bb4_0
  - tqdm=4.67.1=pyhd8ed1ab_1
  - traitlets=5.14.3=pyhd8ed1ab_1
  - types-python-dateutil=2.9.0.20250516=pyhd8ed1ab_0
  - typing-extensions=4.14.0=h32cad80_0
  - typing_extensions=4.14.0=pyhe01879c_0
  - typing_utils=0.1.0=pyhd8ed1ab_1
  - tzdata=2025b=h78e105d_0
  - ucrt=10.0.22621.0=h57928b3_1
  - ukkonen=1.0.1=py312hd5eb7cc_5
  - unicodedata2=16.0.0=py312h4389bb4_0
  - unidecode=1.3.8=pyh29332c3_1
  - uri-template=1.3.0=pyhd8ed1ab_1
  - uriparser=0.9.8=h5a68840_0
  - urllib3=2.5.0=pyhd8ed1ab_0
  - validators=0.35.0=pyhd8ed1ab_0
  - vc=14.3=h41ae7f8_26
  - vc14_runtime=14.44.35208=h818238b_26
  - virtualenv=20.31.2=pyhd8ed1ab_0
  - vs2015_runtime=14.44.35208=h38c0c73_26
  - wcwidth=0.2.13=pyhd8ed1ab_1
  - webcolors=24.11.1=pyhd8ed1ab_0
  - webencodings=0.5.1=pyhd8ed1ab_3
  - websocket-client=1.8.0=pyhd8ed1ab_1
  - wheel=0.45.1=pyhd8ed1ab_1
  - widgetsnbextension=4.0.14=pyhd8ed1ab_0
  - win_inet_pton=1.1.0=pyh7428d3b_8
  - winpty=0.4.3=4
  - wrapt=1.17.2=py312h4389bb4_0
  - xarray=2025.6.1=pyhd8ed1ab_1
  - xerces-c=3.2.5=he0c23c2_2
  - xlrd=2.0.1=pyhd8ed1ab_3
  - xorg-libice=1.1.2=h0e40799_0
  - xorg-libsm=1.2.6=h0e40799_0
  - xorg-libx11=1.8.12=hf48077a_0
  - xorg-libxau=1.0.12=h0e40799_0
  - xorg-libxdmcp=1.1.5=h0e40799_0
  - xorg-libxext=1.3.6=h0e40799_0
  - xorg-libxpm=3.5.17=h0e40799_1
  - xorg-libxt=1.3.1=h0e40799_0
  - xyzservices=2025.4.0=pyhd8ed1ab_0
  - yaml=0.2.5=h8ffe710_2
  - yte=1.8.1=pyha770c72_0
  - zeromq=4.3.5=ha9f60a1_7
  - zict=3.0.0=pyhd8ed1ab_1
  - zipp=3.23.0=pyhd8ed1ab_0
  - zlib=1.3.1=h2466b09_2
  - zlib-ng=2.2.4=hbb528cf_0
  - zstandard=0.23.0=py312h4389bb4_2
  - zstd=1.5.7=hbeecb71_2
  - pip:
      - gurobipy == 12.0.2 --hash=sha256:5ef46799be0cefd5d33449c10d54a68826f8c32690d0185be0a0ba4834d7b595
      - ply == 3.11 --hash=sha256:096f9b8350b65ebd2fd1346b12452efe5b9607f7482813ffca50c22722a807ce
      - pyomo == 6.9.2 --hash=sha256:13ebb2f974f97afa626c2712d4f27e09a1c3d18ca11755676b743504a76e5161
      - tsam == 2.3.9 --hash=sha256:edcc4febb9e1dacc028bc819d710974ede8f563467c3d235a250f46416f93a1b
